<?xml version="1.0" encoding="utf-8"?>
<Project ToolsVersion="4.0" xmlns="http://schemas.microsoft.com/developer/msbuild/2003">
  <ItemGroup>
    <Filter Include="source">
      <UniqueIdentifier>{4FC737F1-C7A5-4376-A066-2A32D752A2FF}</UniqueIdentifier>
      <Extensions>cpp;c;cc;cxx;c++;cppm;ixx;def;odl;idl;hpj;bat;asm;asmx</Extensions>
    </Filter>
    <Filter Include="html">
      <UniqueIdentifier>{088d5f50-c5fa-4310-b1de-fbc160c973de}</UniqueIdentifier>
    </Filter>
    <Filter Include="bin">
      <UniqueIdentifier>{63af8ff9-89e5-4b51-aa36-eda8335628a9}</UniqueIdentifier>
    </Filter>
  </ItemGroup>
  <ItemGroup>
    <ClCompile Include="oem_data_to_html.c">
      <Filter>source</Filter>
    </ClCompile>
    <ClCompile Include="main.c">
      <Filter>source</Filter>
    </ClCompile>
    <ClCompile Include="dsd_bmc_oem_cmd.c">
      <Filter>source</Filter>
    </ClCompile>
    <ClCompile Include="oem_data_to_file.c">
      <Filter>source</Filter>
    </ClCompile>
    <ClCompile Include="dsd_pcie_black_white_device_list.c">
      <Filter>source</Filter>
    </ClCompile>
  </ItemGroup>
  <ItemGroup>
    <ClInclude Include="oem_data_to_html.h">
      <Filter>source</Filter>
    </ClInclude>
    <ClInclude Include="dsd_bmc_oem_cmd.h">
      <Filter>source</Filter>
    </ClInclude>
    <ClInclude Include="oem_data_to_file.h">
      <Filter>source</Filter>
    </ClInclude>
    <ClInclude Include="dsd_pcie_black_white_device_list.h">
      <Filter>source</Filter>
    </ClInclude>
  </ItemGroup>
  <ItemGroup>
    <None Include="gpu_information.css">
      <Filter>html</Filter>
    </None>
    <None Include="gpu_information.html">
      <Filter>html</Filter>
    </None>
    <None Include="memory_information.css">
      <Filter>html</Filter>
    </None>
    <None Include="memory_information.html">
      <Filter>html</Filter>
    </None>
    <None Include="pcie_information.css">
      <Filter>html</Filter>
    </None>
    <None Include="pcie_information.html">
      <Filter>html</Filter>
    </None>
    <None Include="system_information.css">
      <Filter>html</Filter>
    </None>
    <None Include="system_information.html">
      <Filter>html</Filter>
    </None>
    <None Include="nvme_information.css">
      <Filter>html</Filter>
    </None>
    <None Include="nvme_information.html">
      <Filter>html</Filter>
    </None>
    <None Include="sata_information.css">
      <Filter>html</Filter>
    </None>
    <None Include="sata_information.html">
      <Filter>html</Filter>
    </None>
    <None Include="bios_info.bin">
      <Filter>bin</Filter>
    </None>
    <None Include="board_info.bin">
      <Filter>bin</Filter>
    </None>
    <None Include="cpld_info.bin">
      <Filter>bin</Filter>
    </None>
    <None Include="cpu_info.bin">
      <Filter>bin</Filter>
    </None>
    <None Include="fpga_info.bin">
      <Filter>bin</Filter>
    </None>
    <None Include="gpu_info.bin">
      <Filter>bin</Filter>
    </None>
    <None Include="memory_info.bin">
      <Filter>bin</Filter>
    </None>
    <None Include="nvme_info.bin">
      <Filter>bin</Filter>
    </None>
    <None Include="pcie_info.bin">
      <Filter>bin</Filter>
    </None>
    <None Include="power_info.bin">
      <Filter>bin</Filter>
    </None>
    <None Include="sata_info.bin">
      <Filter>bin</Filter>
    </None>
  </ItemGroup>
</Project>