<?xml version="1.0" encoding="utf-8"?>
<Project ToolsVersion="4.0" xmlns="http://schemas.microsoft.com/developer/msbuild/2003">
  <ItemGroup>
    <ClCompile Include="test.cpp" />
    <ClCompile Include="..\socket\socket-client-windows.c" />
    <ClCompile Include="..\socket\socket-send-windows.c" />
    <ClCompile Include="..\socket\socket-server-windows.c" />
    <ClCompile Include="..\socket\socket-windows.c" />
    <ClCompile Include="..\socket\socket-windows-bind.c" />
    <ClCompile Include="..\directory\attr-windows.cpp" />
    <ClCompile Include="..\directory\cd-windows.cpp" />
    <ClCompile Include="..\directory\ls-windows.cpp" />
    <ClCompile Include="..\directory\rmdir-windows.cpp" />
    <ClCompile Include="..\directory\sys-hw-info-windows.cpp" />
    <ClCompile Include="..\directory\sys-info-windows.cpp" />
    <ClCompile Include="..\directory\find-windows.cpp" />
  </ItemGroup>
</Project>