<?xml version="1.0" encoding="utf-8"?>
<Project ToolsVersion="4.0" xmlns="http://schemas.microsoft.com/developer/msbuild/2003">
  <ItemGroup>
    <Filter Include="header">
      <UniqueIdentifier>{93995380-89BD-4b04-88EB-625FBE52EBFB}</UniqueIdentifier>
      <Extensions>h;hh;hpp;hxx;hm;inl;inc;xsd</Extensions>
    </Filter>
    <Filter Include="src">
      <UniqueIdentifier>{4FC737F1-C7A5-4376-A066-2A32D752A2FF}</UniqueIdentifier>
      <Extensions>cpp;c;cc;cxx;def;odl;idl;hpj;bat;asm;asmx</Extensions>
    </Filter>
    <Filter Include="source">
      <UniqueIdentifier>{67DA6AB6-F800-4c08-8B7A-83BB121AAD01}</UniqueIdentifier>
      <Extensions>rc;ico;cur;bmp;dlg;rc2;rct;bin;rgs;gif;jpg;jpeg;jpe;resx;tiff;tif;png;wav;mfcribbon-ms</Extensions>
    </Filter>
  </ItemGroup>
  <ItemGroup>
    <ClCompile Include="..\..\src\iwant.cpp">
      <Filter>src</Filter>
    </ClCompile>
    <ClCompile Include="..\..\src\object.cpp">
      <Filter>src</Filter>
    </ClCompile>
    <ClCompile Include="..\..\src\main.cpp">
      <Filter>src</Filter>
    </ClCompile>
    <ClCompile Include="..\..\src\net.cpp">
      <Filter>src</Filter>
    </ClCompile>
    <ClCompile Include="..\..\src\socket.cpp">
      <Filter>src</Filter>
    </ClCompile>
    <ClCompile Include="..\..\src\task.cpp">
      <Filter>src</Filter>
    </ClCompile>
    <ClCompile Include="..\..\src\url.cpp">
      <Filter>src</Filter>
    </ClCompile>
    <ClCompile Include="..\..\src\home.cpp">
      <Filter>src</Filter>
    </ClCompile>
    <ClCompile Include="..\..\src\new.cpp">
      <Filter>src</Filter>
    </ClCompile>
    <ClCompile Include="..\..\src\myMemory.cpp">
      <Filter>src</Filter>
    </ClCompile>
    <ClCompile Include="..\..\src\os.cpp">
      <Filter>src</Filter>
    </ClCompile>
    <ClCompile Include="..\..\src\exec.cpp">
      <Filter>src</Filter>
    </ClCompile>
    <ClCompile Include="..\..\src\run.cpp">
      <Filter>src</Filter>
    </ClCompile>
    <ClCompile Include="..\..\src\sys.cpp">
      <Filter>src</Filter>
    </ClCompile>
    <ClCompile Include="..\..\src\cout.cpp">
      <Filter>src</Filter>
    </ClCompile>
    <ClCompile Include="..\..\src\echo.cpp">
      <Filter>src</Filter>
    </ClCompile>
    <ClCompile Include="..\..\src\esc.cpp">
      <Filter>src</Filter>
    </ClCompile>
    <ClCompile Include="..\..\src\exit.cpp">
      <Filter>src</Filter>
    </ClCompile>
    <ClCompile Include="..\..\src\class.cpp">
      <Filter>src</Filter>
    </ClCompile>
    <ClCompile Include="..\..\src\syntax.cpp">
      <Filter>src</Filter>
    </ClCompile>
    <ClCompile Include="..\..\src\temp.cpp">
      <Filter>src</Filter>
    </ClCompile>
    <ClCompile Include="..\..\src\tag.cpp">
      <Filter>src</Filter>
    </ClCompile>
    <ClCompile Include="..\..\src\math.cpp">
      <Filter>src</Filter>
    </ClCompile>
    <ClCompile Include="..\..\src\make.cpp">
      <Filter>src</Filter>
    </ClCompile>
    <ClCompile Include="..\..\src\http.cpp">
      <Filter>src</Filter>
    </ClCompile>
    <ClCompile Include="..\..\src\sql.cpp">
      <Filter>src</Filter>
    </ClCompile>
    <ClCompile Include="..\..\src\uri.cpp">
      <Filter>src</Filter>
    </ClCompile>
    <ClCompile Include="..\..\src\xml.cpp">
      <Filter>src</Filter>
    </ClCompile>
    <ClCompile Include="..\..\src\brackets.cpp">
      <Filter>src</Filter>
    </ClCompile>
    <ClCompile Include="..\..\src\file.cpp">
      <Filter>src</Filter>
    </ClCompile>
    <ClCompile Include="..\..\src\path.cpp">
      <Filter>src</Filter>
    </ClCompile>
    <ClCompile Include="..\..\src\timer.cpp">
      <Filter>src</Filter>
    </ClCompile>
    <ClCompile Include="..\..\src\enum.cpp">
      <Filter>src</Filter>
    </ClCompile>
    <ClCompile Include="..\..\src\ex_func.cpp">
      <Filter>src</Filter>
    </ClCompile>
    <ClCompile Include="..\..\src\keyword.cpp">
      <Filter>src</Filter>
    </ClCompile>
    <ClCompile Include="..\..\src\symbol.cpp">
      <Filter>src</Filter>
    </ClCompile>
    <ClCompile Include="..\..\src\build.cpp">
      <Filter>src</Filter>
    </ClCompile>
    <ClCompile Include="..\..\src\comment.cpp">
      <Filter>src</Filter>
    </ClCompile>
    <ClCompile Include="..\..\src\__abstract.cpp">
      <Filter>src</Filter>
    </ClCompile>
    <ClCompile Include="..\..\src\__alignof.cpp">
      <Filter>src</Filter>
    </ClCompile>
    <ClCompile Include="..\..\src\__asm.cpp">
      <Filter>src</Filter>
    </ClCompile>
    <ClCompile Include="..\..\src\__assume.cpp">
      <Filter>src</Filter>
    </ClCompile>
    <ClCompile Include="..\..\src\__based.cpp">
      <Filter>src</Filter>
    </ClCompile>
    <ClCompile Include="..\..\src\__box.cpp">
      <Filter>src</Filter>
    </ClCompile>
    <ClCompile Include="..\..\src\__cdecl.cpp">
      <Filter>src</Filter>
    </ClCompile>
    <ClCompile Include="..\..\src\__CLASS__.cpp">
      <Filter>src</Filter>
    </ClCompile>
    <ClCompile Include="..\..\src\__declspec.cpp">
      <Filter>src</Filter>
    </ClCompile>
    <ClCompile Include="..\..\src\__delegate.cpp">
      <Filter>src</Filter>
    </ClCompile>
    <ClCompile Include="..\..\src\__DIR__.cpp">
      <Filter>src</Filter>
    </ClCompile>
    <ClCompile Include="..\..\src\__event.cpp">
      <Filter>src</Filter>
    </ClCompile>
    <ClCompile Include="..\..\src\__except.cpp">
      <Filter>src</Filter>
    </ClCompile>
    <ClCompile Include="..\..\src\__fastcall.cpp">
      <Filter>src</Filter>
    </ClCompile>
    <ClCompile Include="..\..\src\__FILE__.cpp">
      <Filter>src</Filter>
    </ClCompile>
    <ClCompile Include="..\..\src\__finally.cpp">
      <Filter>src</Filter>
    </ClCompile>
    <ClCompile Include="..\..\src\__forceinline.cpp">
      <Filter>src</Filter>
    </ClCompile>
    <ClCompile Include="..\..\src\__FUNCTION__.cpp">
      <Filter>src</Filter>
    </ClCompile>
    <ClCompile Include="..\..\src\__gc.cpp">
      <Filter>src</Filter>
    </ClCompile>
    <ClCompile Include="..\..\src\__halt_compiler.cpp">
      <Filter>src</Filter>
    </ClCompile>
    <ClCompile Include="..\..\src\__hook.cpp">
      <Filter>src</Filter>
    </ClCompile>
    <ClCompile Include="..\..\src\__identifier.cpp">
      <Filter>src</Filter>
    </ClCompile>
    <ClCompile Include="..\..\src\__if_exists.cpp">
      <Filter>src</Filter>
    </ClCompile>
    <ClCompile Include="..\..\src\__if_not_exists.cpp">
      <Filter>src</Filter>
    </ClCompile>
    <ClCompile Include="..\..\src\__inline.cpp">
      <Filter>src</Filter>
    </ClCompile>
    <ClCompile Include="..\..\src\__int8.cpp">
      <Filter>src</Filter>
    </ClCompile>
    <ClCompile Include="..\..\src\__int16.cpp">
      <Filter>src</Filter>
    </ClCompile>
    <ClCompile Include="..\..\src\__int32.cpp">
      <Filter>src</Filter>
    </ClCompile>
    <ClCompile Include="..\..\src\__int64.cpp">
      <Filter>src</Filter>
    </ClCompile>
    <ClCompile Include="..\..\src\__interface.cpp">
      <Filter>src</Filter>
    </ClCompile>
    <ClCompile Include="..\..\src\__leave.cpp">
      <Filter>src</Filter>
    </ClCompile>
    <ClCompile Include="..\..\src\__LINE__.cpp">
      <Filter>src</Filter>
    </ClCompile>
    <ClCompile Include="..\..\src\__m64.cpp">
      <Filter>src</Filter>
    </ClCompile>
    <ClCompile Include="..\..\src\__m128.cpp">
      <Filter>src</Filter>
    </ClCompile>
    <ClCompile Include="..\..\src\__m128d.cpp">
      <Filter>src</Filter>
    </ClCompile>
    <ClCompile Include="..\..\src\__m128i.cpp">
      <Filter>src</Filter>
    </ClCompile>
    <ClCompile Include="..\..\src\__METHOD__.cpp">
      <Filter>src</Filter>
    </ClCompile>
    <ClCompile Include="..\..\src\__multiple_inheritance.cpp">
      <Filter>src</Filter>
    </ClCompile>
    <ClCompile Include="..\..\src\__NAMESPACE__.cpp">
      <Filter>src</Filter>
    </ClCompile>
    <ClCompile Include="..\..\src\__nogc.cpp">
      <Filter>src</Filter>
    </ClCompile>
    <ClCompile Include="..\..\src\__noop.cpp">
      <Filter>src</Filter>
    </ClCompile>
    <ClCompile Include="..\..\src\__pin.cpp">
      <Filter>src</Filter>
    </ClCompile>
    <ClCompile Include="..\..\src\__property.cpp">
      <Filter>src</Filter>
    </ClCompile>
    <ClCompile Include="..\..\src\__raise.cpp">
      <Filter>src</Filter>
    </ClCompile>
    <ClCompile Include="..\..\src\__sealed.cpp">
      <Filter>src</Filter>
    </ClCompile>
    <ClCompile Include="..\..\src\__single_inheritance.cpp">
      <Filter>src</Filter>
    </ClCompile>
    <ClCompile Include="..\..\src\__stdcall.cpp">
      <Filter>src</Filter>
    </ClCompile>
    <ClCompile Include="..\..\src\__super.cpp">
      <Filter>src</Filter>
    </ClCompile>
    <ClCompile Include="..\..\src\__thiscall.cpp">
      <Filter>src</Filter>
    </ClCompile>
    <ClCompile Include="..\..\src\__TRAIT__.cpp">
      <Filter>src</Filter>
    </ClCompile>
    <ClCompile Include="..\..\src\__try__except.cpp">
      <Filter>src</Filter>
    </ClCompile>
    <ClCompile Include="..\..\src\__try__finally.cpp">
      <Filter>src</Filter>
    </ClCompile>
    <ClCompile Include="..\..\src\__try_cast.cpp">
      <Filter>src</Filter>
    </ClCompile>
    <ClCompile Include="..\..\src\__unaligned.cpp">
      <Filter>src</Filter>
    </ClCompile>
    <ClCompile Include="..\..\src\__unhook.cpp">
      <Filter>src</Filter>
    </ClCompile>
    <ClCompile Include="..\..\src\__uuidof.cpp">
      <Filter>src</Filter>
    </ClCompile>
    <ClCompile Include="..\..\src\__value.cpp">
      <Filter>src</Filter>
    </ClCompile>
    <ClCompile Include="..\..\src\__virtual_inheritance.cpp">
      <Filter>src</Filter>
    </ClCompile>
    <ClCompile Include="..\..\src\__w64.cpp">
      <Filter>src</Filter>
    </ClCompile>
    <ClCompile Include="..\..\src\__wchar_t.cpp">
      <Filter>src</Filter>
    </ClCompile>
    <ClCompile Include="..\..\src\_define.cpp">
      <Filter>src</Filter>
    </ClCompile>
    <ClCompile Include="..\..\src\_elif.cpp">
      <Filter>src</Filter>
    </ClCompile>
    <ClCompile Include="..\..\src\_else.cpp">
      <Filter>src</Filter>
    </ClCompile>
    <ClCompile Include="..\..\src\_endif.cpp">
      <Filter>src</Filter>
    </ClCompile>
    <ClCompile Include="..\..\src\_error.cpp">
      <Filter>src</Filter>
    </ClCompile>
    <ClCompile Include="..\..\src\_if.cpp">
      <Filter>src</Filter>
    </ClCompile>
    <ClCompile Include="..\..\src\_ifdef.cpp">
      <Filter>src</Filter>
    </ClCompile>
    <ClCompile Include="..\..\src\_ifndef.cpp">
      <Filter>src</Filter>
    </ClCompile>
    <ClCompile Include="..\..\src\_import.cpp">
      <Filter>src</Filter>
    </ClCompile>
    <ClCompile Include="..\..\src\_include.cpp">
      <Filter>src</Filter>
    </ClCompile>
    <ClCompile Include="..\..\src\_line.cpp">
      <Filter>src</Filter>
    </ClCompile>
    <ClCompile Include="..\..\src\_pragma.cpp">
      <Filter>src</Filter>
    </ClCompile>
    <ClCompile Include="..\..\src\_undef.cpp">
      <Filter>src</Filter>
    </ClCompile>
    <ClCompile Include="..\..\src\_using.cpp">
      <Filter>src</Filter>
    </ClCompile>
    <ClCompile Include="..\..\src\abstract.cpp">
      <Filter>src</Filter>
    </ClCompile>
    <ClCompile Include="..\..\src\alignas.cpp">
      <Filter>src</Filter>
    </ClCompile>
    <ClCompile Include="..\..\src\alignof.cpp">
      <Filter>src</Filter>
    </ClCompile>
    <ClCompile Include="..\..\src\and.cpp">
      <Filter>src</Filter>
    </ClCompile>
    <ClCompile Include="..\..\src\and_eq.cpp">
      <Filter>src</Filter>
    </ClCompile>
    <ClCompile Include="..\..\src\array.cpp">
      <Filter>src</Filter>
    </ClCompile>
    <ClCompile Include="..\..\src\as.cpp">
      <Filter>src</Filter>
    </ClCompile>
    <ClCompile Include="..\..\src\asm.cpp">
      <Filter>src</Filter>
    </ClCompile>
    <ClCompile Include="..\..\src\assert.cpp">
      <Filter>src</Filter>
    </ClCompile>
    <ClCompile Include="..\..\src\atomic_cancel.cpp">
      <Filter>src</Filter>
    </ClCompile>
    <ClCompile Include="..\..\src\atomic_commit.cpp">
      <Filter>src</Filter>
    </ClCompile>
    <ClCompile Include="..\..\src\atomic_noexcept.cpp">
      <Filter>src</Filter>
    </ClCompile>
    <ClCompile Include="..\..\src\auto.cpp">
      <Filter>src</Filter>
    </ClCompile>
    <ClCompile Include="..\..\src\bitand.cpp">
      <Filter>src</Filter>
    </ClCompile>
    <ClCompile Include="..\..\src\bitor.cpp">
      <Filter>src</Filter>
    </ClCompile>
    <ClCompile Include="..\..\src\bool.cpp">
      <Filter>src</Filter>
    </ClCompile>
    <ClCompile Include="..\..\src\boolean.cpp">
      <Filter>src</Filter>
    </ClCompile>
    <ClCompile Include="..\..\src\break.cpp">
      <Filter>src</Filter>
    </ClCompile>
    <ClCompile Include="..\..\src\byte.cpp">
      <Filter>src</Filter>
    </ClCompile>
    <ClCompile Include="..\..\src\callable.cpp">
      <Filter>src</Filter>
    </ClCompile>
    <ClCompile Include="..\..\src\case.cpp">
      <Filter>src</Filter>
    </ClCompile>
    <ClCompile Include="..\..\src\catch.cpp">
      <Filter>src</Filter>
    </ClCompile>
    <ClCompile Include="..\..\src\char.cpp">
      <Filter>src</Filter>
    </ClCompile>
    <ClCompile Include="..\..\src\char16_t.cpp">
      <Filter>src</Filter>
    </ClCompile>
    <ClCompile Include="..\..\src\char32_t.cpp">
      <Filter>src</Filter>
    </ClCompile>
    <ClCompile Include="..\..\src\clone.cpp">
      <Filter>src</Filter>
    </ClCompile>
    <ClCompile Include="..\..\src\compl.cpp">
      <Filter>src</Filter>
    </ClCompile>
    <ClCompile Include="..\..\src\concept.cpp">
      <Filter>src</Filter>
    </ClCompile>
    <ClCompile Include="..\..\src\const.cpp">
      <Filter>src</Filter>
    </ClCompile>
    <ClCompile Include="..\..\src\const_cast.cpp">
      <Filter>src</Filter>
    </ClCompile>
    <ClCompile Include="..\..\src\constexpr.cpp">
      <Filter>src</Filter>
    </ClCompile>
    <ClCompile Include="..\..\src\continue.cpp">
      <Filter>src</Filter>
    </ClCompile>
    <ClCompile Include="..\..\src\declare.cpp">
      <Filter>src</Filter>
    </ClCompile>
    <ClCompile Include="..\..\src\decltype.cpp">
      <Filter>src</Filter>
    </ClCompile>
    <ClCompile Include="..\..\src\def.cpp">
      <Filter>src</Filter>
    </ClCompile>
    <ClCompile Include="..\..\src\default.cpp">
      <Filter>src</Filter>
    </ClCompile>
    <ClCompile Include="..\..\src\del.cpp">
      <Filter>src</Filter>
    </ClCompile>
    <ClCompile Include="..\..\src\delegate.cpp">
      <Filter>src</Filter>
    </ClCompile>
    <ClCompile Include="..\..\src\delete.cpp">
      <Filter>src</Filter>
    </ClCompile>
    <ClCompile Include="..\..\src\deprecated.cpp">
      <Filter>src</Filter>
    </ClCompile>
    <ClCompile Include="..\..\src\die.cpp">
      <Filter>src</Filter>
    </ClCompile>
    <ClCompile Include="..\..\src\display.cpp">
      <Filter>src</Filter>
    </ClCompile>
    <ClCompile Include="..\..\src\dllexport.cpp">
      <Filter>src</Filter>
    </ClCompile>
    <ClCompile Include="..\..\src\dllimport.cpp">
      <Filter>src</Filter>
    </ClCompile>
    <ClCompile Include="..\..\src\do.cpp">
      <Filter>src</Filter>
    </ClCompile>
    <ClCompile Include="..\..\src\double.cpp">
      <Filter>src</Filter>
    </ClCompile>
    <ClCompile Include="..\..\src\dynamic_cast.cpp">
      <Filter>src</Filter>
    </ClCompile>
    <ClCompile Include="..\..\src\elif.cpp">
      <Filter>src</Filter>
    </ClCompile>
    <ClCompile Include="..\..\src\else.cpp">
      <Filter>src</Filter>
    </ClCompile>
    <ClCompile Include="..\..\src\elseif.cpp">
      <Filter>src</Filter>
    </ClCompile>
    <ClCompile Include="..\..\src\empty.cpp">
      <Filter>src</Filter>
    </ClCompile>
    <ClCompile Include="..\..\src\end.cpp">
      <Filter>src</Filter>
    </ClCompile>
    <ClCompile Include="..\..\src\enddeclare.cpp">
      <Filter>src</Filter>
    </ClCompile>
    <ClCompile Include="..\..\src\endfor.cpp">
      <Filter>src</Filter>
    </ClCompile>
    <ClCompile Include="..\..\src\endforeach.cpp">
      <Filter>src</Filter>
    </ClCompile>
    <ClCompile Include="..\..\src\endif.cpp">
      <Filter>src</Filter>
    </ClCompile>
    <ClCompile Include="..\..\src\endswitch.cpp">
      <Filter>src</Filter>
    </ClCompile>
    <ClCompile Include="..\..\src\endwhile.cpp">
      <Filter>src</Filter>
    </ClCompile>
    <ClCompile Include="..\..\src\enum_class.cpp">
      <Filter>src</Filter>
    </ClCompile>
    <ClCompile Include="..\..\src\enum_struct.cpp">
      <Filter>src</Filter>
    </ClCompile>
    <ClCompile Include="..\..\src\eval.cpp">
      <Filter>src</Filter>
    </ClCompile>
    <ClCompile Include="..\..\src\event.cpp">
      <Filter>src</Filter>
    </ClCompile>
    <ClCompile Include="..\..\src\except.cpp">
      <Filter>src</Filter>
    </ClCompile>
    <ClCompile Include="..\..\src\explicit.cpp">
      <Filter>src</Filter>
    </ClCompile>
    <ClCompile Include="..\..\src\export.cpp">
      <Filter>src</Filter>
    </ClCompile>
    <ClCompile Include="..\..\src\expressions.cpp">
      <Filter>src</Filter>
    </ClCompile>
    <ClCompile Include="..\..\src\extends.cpp">
      <Filter>src</Filter>
    </ClCompile>
    <ClCompile Include="..\..\src\extern.cpp">
      <Filter>src</Filter>
    </ClCompile>
    <ClCompile Include="..\..\src\false.cpp">
      <Filter>src</Filter>
    </ClCompile>
    <ClCompile Include="..\..\src\false_.cpp">
      <Filter>src</Filter>
    </ClCompile>
    <ClCompile Include="..\..\src\final.cpp">
      <Filter>src</Filter>
    </ClCompile>
    <ClCompile Include="..\..\src\finally.cpp">
      <Filter>src</Filter>
    </ClCompile>
    <ClCompile Include="..\..\src\float.cpp">
      <Filter>src</Filter>
    </ClCompile>
    <ClCompile Include="..\..\src\for.cpp">
      <Filter>src</Filter>
    </ClCompile>
    <ClCompile Include="..\..\src\for_each_in.cpp">
      <Filter>src</Filter>
    </ClCompile>
    <ClCompile Include="..\..\src\foreach.cpp">
      <Filter>src</Filter>
    </ClCompile>
    <ClCompile Include="..\..\src\friend.cpp">
      <Filter>src</Filter>
    </ClCompile>
    <ClCompile Include="..\..\src\friend_as.cpp">
      <Filter>src</Filter>
    </ClCompile>
    <ClCompile Include="..\..\src\from.cpp">
      <Filter>src</Filter>
    </ClCompile>
    <ClCompile Include="..\..\src\function.cpp">
      <Filter>src</Filter>
    </ClCompile>
    <ClCompile Include="..\..\src\gcnew.cpp">
      <Filter>src</Filter>
    </ClCompile>
    <ClCompile Include="..\..\src\generic.cpp">
      <Filter>src</Filter>
    </ClCompile>
    <ClCompile Include="..\..\src\global.cpp">
      <Filter>src</Filter>
    </ClCompile>
    <ClCompile Include="..\..\src\goto.cpp">
      <Filter>src</Filter>
    </ClCompile>
    <ClCompile Include="..\..\src\if.cpp">
      <Filter>src</Filter>
    </ClCompile>
    <ClCompile Include="..\..\src\implements.cpp">
      <Filter>src</Filter>
    </ClCompile>
    <ClCompile Include="..\..\src\import.cpp">
      <Filter>src</Filter>
    </ClCompile>
    <ClCompile Include="..\..\src\in.cpp">
      <Filter>src</Filter>
    </ClCompile>
    <ClCompile Include="..\..\src\include.cpp">
      <Filter>src</Filter>
    </ClCompile>
    <ClCompile Include="..\..\src\include_once.cpp">
      <Filter>src</Filter>
    </ClCompile>
    <ClCompile Include="..\..\src\initonly.cpp">
      <Filter>src</Filter>
    </ClCompile>
    <ClCompile Include="..\..\src\inline.cpp">
      <Filter>src</Filter>
    </ClCompile>
    <ClCompile Include="..\..\src\instanceof.cpp">
      <Filter>src</Filter>
    </ClCompile>
    <ClCompile Include="..\..\src\insteadof.cpp">
      <Filter>src</Filter>
    </ClCompile>
    <ClCompile Include="..\..\src\int.cpp">
      <Filter>src</Filter>
    </ClCompile>
    <ClCompile Include="..\..\src\interface.cpp">
      <Filter>src</Filter>
    </ClCompile>
    <ClCompile Include="..\..\src\interface_class.cpp">
      <Filter>src</Filter>
    </ClCompile>
    <ClCompile Include="..\..\src\interface_struct.cpp">
      <Filter>src</Filter>
    </ClCompile>
    <ClCompile Include="..\..\src\interior_ptr.cpp">
      <Filter>src</Filter>
    </ClCompile>
    <ClCompile Include="..\..\src\is.cpp">
      <Filter>src</Filter>
    </ClCompile>
    <ClCompile Include="..\..\src\isset.cpp">
      <Filter>src</Filter>
    </ClCompile>
    <ClCompile Include="..\..\src\lambda.cpp">
      <Filter>src</Filter>
    </ClCompile>
    <ClCompile Include="..\..\src\list.cpp">
      <Filter>src</Filter>
    </ClCompile>
    <ClCompile Include="..\..\src\literal.cpp">
      <Filter>src</Filter>
    </ClCompile>
    <ClCompile Include="..\..\src\long.cpp">
      <Filter>src</Filter>
    </ClCompile>
    <ClCompile Include="..\..\src\module.cpp">
      <Filter>src</Filter>
    </ClCompile>
    <ClCompile Include="..\..\src\mutable.cpp">
      <Filter>src</Filter>
    </ClCompile>
    <ClCompile Include="..\..\src\naked.cpp">
      <Filter>src</Filter>
    </ClCompile>
    <ClCompile Include="..\..\src\namespace.cpp">
      <Filter>src</Filter>
    </ClCompile>
    <ClCompile Include="..\..\src\native.cpp">
      <Filter>src</Filter>
    </ClCompile>
    <ClCompile Include="..\..\src\new_noinline.cpp">
      <Filter>src</Filter>
    </ClCompile>
    <ClCompile Include="..\..\src\noexcept.cpp">
      <Filter>src</Filter>
    </ClCompile>
    <ClCompile Include="..\..\src\None.cpp">
      <Filter>src</Filter>
    </ClCompile>
    <ClCompile Include="..\..\src\nonlocal.cpp">
      <Filter>src</Filter>
    </ClCompile>
    <ClCompile Include="..\..\src\noreturn.cpp">
      <Filter>src</Filter>
    </ClCompile>
    <ClCompile Include="..\..\src\not.cpp">
      <Filter>src</Filter>
    </ClCompile>
    <ClCompile Include="..\..\src\not_eq.cpp">
      <Filter>src</Filter>
    </ClCompile>
    <ClCompile Include="..\..\src\nothrow.cpp">
      <Filter>src</Filter>
    </ClCompile>
    <ClCompile Include="..\..\src\novtable.cpp">
      <Filter>src</Filter>
    </ClCompile>
    <ClCompile Include="..\..\src\nullptr.cpp">
      <Filter>src</Filter>
    </ClCompile>
    <ClCompile Include="..\..\src\operator.cpp">
      <Filter>src</Filter>
    </ClCompile>
    <ClCompile Include="..\..\src\operator_.cpp">
      <Filter>src</Filter>
    </ClCompile>
    <ClCompile Include="..\..\src\or.cpp">
      <Filter>src</Filter>
    </ClCompile>
    <ClCompile Include="..\..\src\or_eq.cpp">
      <Filter>src</Filter>
    </ClCompile>
    <ClCompile Include="..\..\src\package.cpp">
      <Filter>src</Filter>
    </ClCompile>
    <ClCompile Include="..\..\src\pass.cpp">
      <Filter>src</Filter>
    </ClCompile>
    <ClCompile Include="..\..\src\print.cpp">
      <Filter>src</Filter>
    </ClCompile>
    <ClCompile Include="..\..\src\private.cpp">
      <Filter>src</Filter>
    </ClCompile>
    <ClCompile Include="..\..\src\property.cpp">
      <Filter>src</Filter>
    </ClCompile>
    <ClCompile Include="..\..\src\protected.cpp">
      <Filter>src</Filter>
    </ClCompile>
    <ClCompile Include="..\..\src\public.cpp">
      <Filter>src</Filter>
    </ClCompile>
    <ClCompile Include="..\..\src\raise.cpp">
      <Filter>src</Filter>
    </ClCompile>
    <ClCompile Include="..\..\src\ref_class.cpp">
      <Filter>src</Filter>
    </ClCompile>
    <ClCompile Include="..\..\src\ref_struct.cpp">
      <Filter>src</Filter>
    </ClCompile>
    <ClCompile Include="..\..\src\register.cpp">
      <Filter>src</Filter>
    </ClCompile>
    <ClCompile Include="..\..\src\reinterpret_cast.cpp">
      <Filter>src</Filter>
    </ClCompile>
    <ClCompile Include="..\..\src\require.cpp">
      <Filter>src</Filter>
    </ClCompile>
    <ClCompile Include="..\..\src\require_once.cpp">
      <Filter>src</Filter>
    </ClCompile>
    <ClCompile Include="..\..\src\requires.cpp">
      <Filter>src</Filter>
    </ClCompile>
    <ClCompile Include="..\..\src\return.cpp">
      <Filter>src</Filter>
    </ClCompile>
    <ClCompile Include="..\..\src\safecast.cpp">
      <Filter>src</Filter>
    </ClCompile>
    <ClCompile Include="..\..\src\sealed.cpp">
      <Filter>src</Filter>
    </ClCompile>
    <ClCompile Include="..\..\src\selectany.cpp">
      <Filter>src</Filter>
    </ClCompile>
    <ClCompile Include="..\..\src\short.cpp">
      <Filter>src</Filter>
    </ClCompile>
    <ClCompile Include="..\..\src\signed.cpp">
      <Filter>src</Filter>
    </ClCompile>
    <ClCompile Include="..\..\src\sizeof.cpp">
      <Filter>src</Filter>
    </ClCompile>
    <ClCompile Include="..\..\src\sql_ADD.cpp">
      <Filter>src</Filter>
    </ClCompile>
    <ClCompile Include="..\..\src\sql_ALL.cpp">
      <Filter>src</Filter>
    </ClCompile>
    <ClCompile Include="..\..\src\sql_ALTER.cpp">
      <Filter>src</Filter>
    </ClCompile>
    <ClCompile Include="..\..\src\sql_AND.cpp">
      <Filter>src</Filter>
    </ClCompile>
    <ClCompile Include="..\..\src\sql_ANY.cpp">
      <Filter>src</Filter>
    </ClCompile>
    <ClCompile Include="..\..\src\sql_AS.cpp">
      <Filter>src</Filter>
    </ClCompile>
    <ClCompile Include="..\..\src\sql_ASC.cpp">
      <Filter>src</Filter>
    </ClCompile>
    <ClCompile Include="..\..\src\sql_AUTHORIZATION.cpp">
      <Filter>src</Filter>
    </ClCompile>
    <ClCompile Include="..\..\src\sql_BACKUP.cpp">
      <Filter>src</Filter>
    </ClCompile>
    <ClCompile Include="..\..\src\sql_BEGIN.cpp">
      <Filter>src</Filter>
    </ClCompile>
    <ClCompile Include="..\..\src\sql_BETWEEN.cpp">
      <Filter>src</Filter>
    </ClCompile>
    <ClCompile Include="..\..\src\sql_BREAK.cpp">
      <Filter>src</Filter>
    </ClCompile>
    <ClCompile Include="..\..\src\sql_BROWSE.cpp">
      <Filter>src</Filter>
    </ClCompile>
    <ClCompile Include="..\..\src\sql_BULK.cpp">
      <Filter>src</Filter>
    </ClCompile>
    <ClCompile Include="..\..\src\sql_BY.cpp">
      <Filter>src</Filter>
    </ClCompile>
    <ClCompile Include="..\..\src\sql_CASCADE.cpp">
      <Filter>src</Filter>
    </ClCompile>
    <ClCompile Include="..\..\src\sql_CASE.cpp">
      <Filter>src</Filter>
    </ClCompile>
    <ClCompile Include="..\..\src\sql_CHECK.cpp">
      <Filter>src</Filter>
    </ClCompile>
    <ClCompile Include="..\..\src\sql_CHECKPOINT.cpp">
      <Filter>src</Filter>
    </ClCompile>
    <ClCompile Include="..\..\src\sql_CLOSE.cpp">
      <Filter>src</Filter>
    </ClCompile>
    <ClCompile Include="..\..\src\sql_CLUSTERED.cpp">
      <Filter>src</Filter>
    </ClCompile>
    <ClCompile Include="..\..\src\sql_COALESCE.cpp">
      <Filter>src</Filter>
    </ClCompile>
    <ClCompile Include="..\..\src\sql_COLLATE.cpp">
      <Filter>src</Filter>
    </ClCompile>
    <ClCompile Include="..\..\src\sql_COLUMN.cpp">
      <Filter>src</Filter>
    </ClCompile>
    <ClCompile Include="..\..\src\sql_COMMIT.cpp">
      <Filter>src</Filter>
    </ClCompile>
    <ClCompile Include="..\..\src\sql_COMPUTE.cpp">
      <Filter>src</Filter>
    </ClCompile>
    <ClCompile Include="..\..\src\sql_CONSTRAINT.cpp">
      <Filter>src</Filter>
    </ClCompile>
    <ClCompile Include="..\..\src\sql_CONTAINS.cpp">
      <Filter>src</Filter>
    </ClCompile>
    <ClCompile Include="..\..\src\sql_CONTAINSTABLE.cpp">
      <Filter>src</Filter>
    </ClCompile>
    <ClCompile Include="..\..\src\sql_CONTINUE.cpp">
      <Filter>src</Filter>
    </ClCompile>
    <ClCompile Include="..\..\src\sql_CONVERT.cpp">
      <Filter>src</Filter>
    </ClCompile>
    <ClCompile Include="..\..\src\sql_CREATE.cpp">
      <Filter>src</Filter>
    </ClCompile>
    <ClCompile Include="..\..\src\sql_CROSS.cpp">
      <Filter>src</Filter>
    </ClCompile>
    <ClCompile Include="..\..\src\sql_CURRENT.cpp">
      <Filter>src</Filter>
    </ClCompile>
    <ClCompile Include="..\..\src\sql_CURRENT_DATE.cpp">
      <Filter>src</Filter>
    </ClCompile>
    <ClCompile Include="..\..\src\sql_CURRENT_TIME.cpp">
      <Filter>src</Filter>
    </ClCompile>
    <ClCompile Include="..\..\src\sql_CURRENT_TIMESTAMP.cpp">
      <Filter>src</Filter>
    </ClCompile>
    <ClCompile Include="..\..\src\sql_CURRENT_USER.cpp">
      <Filter>src</Filter>
    </ClCompile>
    <ClCompile Include="..\..\src\sql_CURSOR.cpp">
      <Filter>src</Filter>
    </ClCompile>
    <ClCompile Include="..\..\src\sql_DATABASE.cpp">
      <Filter>src</Filter>
    </ClCompile>
    <ClCompile Include="..\..\src\sql_DBCC.cpp">
      <Filter>src</Filter>
    </ClCompile>
    <ClCompile Include="..\..\src\sql_DEALLOCATE.cpp">
      <Filter>src</Filter>
    </ClCompile>
    <ClCompile Include="..\..\src\sql_DECLARE.cpp">
      <Filter>src</Filter>
    </ClCompile>
    <ClCompile Include="..\..\src\sql_DEFAULT.cpp">
      <Filter>src</Filter>
    </ClCompile>
    <ClCompile Include="..\..\src\sql_DELETE.cpp">
      <Filter>src</Filter>
    </ClCompile>
    <ClCompile Include="..\..\src\sql_DENY.cpp">
      <Filter>src</Filter>
    </ClCompile>
    <ClCompile Include="..\..\src\sql_DESC.cpp">
      <Filter>src</Filter>
    </ClCompile>
    <ClCompile Include="..\..\src\sql_DISK.cpp">
      <Filter>src</Filter>
    </ClCompile>
    <ClCompile Include="..\..\src\sql_DISTINCT.cpp">
      <Filter>src</Filter>
    </ClCompile>
    <ClCompile Include="..\..\src\sql_DISTRIBUTED.cpp">
      <Filter>src</Filter>
    </ClCompile>
    <ClCompile Include="..\..\src\sql_DOUBLE.cpp">
      <Filter>src</Filter>
    </ClCompile>
    <ClCompile Include="..\..\src\sql_DROP.cpp">
      <Filter>src</Filter>
    </ClCompile>
    <ClCompile Include="..\..\src\sql_DUMP.cpp">
      <Filter>src</Filter>
    </ClCompile>
    <ClCompile Include="..\..\src\sql_ELSE.cpp">
      <Filter>src</Filter>
    </ClCompile>
    <ClCompile Include="..\..\src\sql_END.cpp">
      <Filter>src</Filter>
    </ClCompile>
    <ClCompile Include="..\..\src\sql_ERRLVL.cpp">
      <Filter>src</Filter>
    </ClCompile>
    <ClCompile Include="..\..\src\sql_ESCAPE.cpp">
      <Filter>src</Filter>
    </ClCompile>
    <ClCompile Include="..\..\src\sql_EXCEPT.cpp">
      <Filter>src</Filter>
    </ClCompile>
    <ClCompile Include="..\..\src\sql_EXEC.cpp">
      <Filter>src</Filter>
    </ClCompile>
    <ClCompile Include="..\..\src\sql_EXECUTE.cpp">
      <Filter>src</Filter>
    </ClCompile>
    <ClCompile Include="..\..\src\sql_EXISTS.cpp">
      <Filter>src</Filter>
    </ClCompile>
    <ClCompile Include="..\..\src\sql_EXIT.cpp">
      <Filter>src</Filter>
    </ClCompile>
    <ClCompile Include="..\..\src\sql_EXTERNAL.cpp">
      <Filter>src</Filter>
    </ClCompile>
    <ClCompile Include="..\..\src\sql_FETCH.cpp">
      <Filter>src</Filter>
    </ClCompile>
    <ClCompile Include="..\..\src\sql_FILE.cpp">
      <Filter>src</Filter>
    </ClCompile>
    <ClCompile Include="..\..\src\sql_FILLFACTOR.cpp">
      <Filter>src</Filter>
    </ClCompile>
    <ClCompile Include="..\..\src\sql_FOR.cpp">
      <Filter>src</Filter>
    </ClCompile>
    <ClCompile Include="..\..\src\sql_FOREIGN.cpp">
      <Filter>src</Filter>
    </ClCompile>
    <ClCompile Include="..\..\src\sql_FREETEXT.cpp">
      <Filter>src</Filter>
    </ClCompile>
    <ClCompile Include="..\..\src\sql_FREETEXTTABLE.cpp">
      <Filter>src</Filter>
    </ClCompile>
    <ClCompile Include="..\..\src\sql_FROM.cpp">
      <Filter>src</Filter>
    </ClCompile>
    <ClCompile Include="..\..\src\sql_FULL.cpp">
      <Filter>src</Filter>
    </ClCompile>
    <ClCompile Include="..\..\src\sql_FUNCTION.cpp">
      <Filter>src</Filter>
    </ClCompile>
    <ClCompile Include="..\..\src\sql_GOTO.cpp">
      <Filter>src</Filter>
    </ClCompile>
    <ClCompile Include="..\..\src\sql_GRANT.cpp">
      <Filter>src</Filter>
    </ClCompile>
    <ClCompile Include="..\..\src\sql_GROUP.cpp">
      <Filter>src</Filter>
    </ClCompile>
    <ClCompile Include="..\..\src\sql_HAVING.cpp">
      <Filter>src</Filter>
    </ClCompile>
    <ClCompile Include="..\..\src\sql_HOLDLOCK.cpp">
      <Filter>src</Filter>
    </ClCompile>
    <ClCompile Include="..\..\src\sql_IDENTITY.cpp">
      <Filter>src</Filter>
    </ClCompile>
    <ClCompile Include="..\..\src\sql_IDENTITY_INSERT.cpp">
      <Filter>src</Filter>
    </ClCompile>
    <ClCompile Include="..\..\src\sql_IDENTITYCOL.cpp">
      <Filter>src</Filter>
    </ClCompile>
    <ClCompile Include="..\..\src\sql_IF.cpp">
      <Filter>src</Filter>
    </ClCompile>
    <ClCompile Include="..\..\src\sql_IN.cpp">
      <Filter>src</Filter>
    </ClCompile>
    <ClCompile Include="..\..\src\sql_INDEX.cpp">
      <Filter>src</Filter>
    </ClCompile>
    <ClCompile Include="..\..\src\sql_INNER.cpp">
      <Filter>src</Filter>
    </ClCompile>
    <ClCompile Include="..\..\src\sql_INSERT.cpp">
      <Filter>src</Filter>
    </ClCompile>
    <ClCompile Include="..\..\src\sql_INTERSECT.cpp">
      <Filter>src</Filter>
    </ClCompile>
    <ClCompile Include="..\..\src\sql_INTO.cpp">
      <Filter>src</Filter>
    </ClCompile>
    <ClCompile Include="..\..\src\sql_IS.cpp">
      <Filter>src</Filter>
    </ClCompile>
    <ClCompile Include="..\..\src\sql_JOIN.cpp">
      <Filter>src</Filter>
    </ClCompile>
    <ClCompile Include="..\..\src\sql_KEY.cpp">
      <Filter>src</Filter>
    </ClCompile>
    <ClCompile Include="..\..\src\sql_KILL.cpp">
      <Filter>src</Filter>
    </ClCompile>
    <ClCompile Include="..\..\src\sql_LEFT.cpp">
      <Filter>src</Filter>
    </ClCompile>
    <ClCompile Include="..\..\src\sql_LIKE.cpp">
      <Filter>src</Filter>
    </ClCompile>
    <ClCompile Include="..\..\src\sql_LINENO.cpp">
      <Filter>src</Filter>
    </ClCompile>
    <ClCompile Include="..\..\src\sql_LOAD.cpp">
      <Filter>src</Filter>
    </ClCompile>
    <ClCompile Include="..\..\src\sql_MERGE.cpp">
      <Filter>src</Filter>
    </ClCompile>
    <ClCompile Include="..\..\src\sql_NATIONAL.cpp">
      <Filter>src</Filter>
    </ClCompile>
    <ClCompile Include="..\..\src\sql_NOCHECK.cpp">
      <Filter>src</Filter>
    </ClCompile>
    <ClCompile Include="..\..\src\sql_NONCLUSTERED.cpp">
      <Filter>src</Filter>
    </ClCompile>
    <ClCompile Include="..\..\src\sql_NOT.cpp">
      <Filter>src</Filter>
    </ClCompile>
    <ClCompile Include="..\..\src\sql_NULL.cpp">
      <Filter>src</Filter>
    </ClCompile>
    <ClCompile Include="..\..\src\sql_NULLIF.cpp">
      <Filter>src</Filter>
    </ClCompile>
    <ClCompile Include="..\..\src\sql_OF.cpp">
      <Filter>src</Filter>
    </ClCompile>
    <ClCompile Include="..\..\src\sql_OFF.cpp">
      <Filter>src</Filter>
    </ClCompile>
    <ClCompile Include="..\..\src\sql_OFFSETS.cpp">
      <Filter>src</Filter>
    </ClCompile>
    <ClCompile Include="..\..\src\sql_ON.cpp">
      <Filter>src</Filter>
    </ClCompile>
    <ClCompile Include="..\..\src\sql_OPEN.cpp">
      <Filter>src</Filter>
    </ClCompile>
    <ClCompile Include="..\..\src\sql_OPENDATASOURCE.cpp">
      <Filter>src</Filter>
    </ClCompile>
    <ClCompile Include="..\..\src\sql_OPENQUERY.cpp">
      <Filter>src</Filter>
    </ClCompile>
    <ClCompile Include="..\..\src\sql_OPENROWSET.cpp">
      <Filter>src</Filter>
    </ClCompile>
    <ClCompile Include="..\..\src\sql_OPENXML.cpp">
      <Filter>src</Filter>
    </ClCompile>
    <ClCompile Include="..\..\src\sql_OPTION.cpp">
      <Filter>src</Filter>
    </ClCompile>
    <ClCompile Include="..\..\src\sql_OR.cpp">
      <Filter>src</Filter>
    </ClCompile>
    <ClCompile Include="..\..\src\sql_ORDER.cpp">
      <Filter>src</Filter>
    </ClCompile>
    <ClCompile Include="..\..\src\sql_OUTER.cpp">
      <Filter>src</Filter>
    </ClCompile>
    <ClCompile Include="..\..\src\sql_OVER.cpp">
      <Filter>src</Filter>
    </ClCompile>
    <ClCompile Include="..\..\src\sql_PERCENT.cpp">
      <Filter>src</Filter>
    </ClCompile>
    <ClCompile Include="..\..\src\sql_PIVOT.cpp">
      <Filter>src</Filter>
    </ClCompile>
    <ClCompile Include="..\..\src\sql_PLAN.cpp">
      <Filter>src</Filter>
    </ClCompile>
    <ClCompile Include="..\..\src\sql_PRECISION.cpp">
      <Filter>src</Filter>
    </ClCompile>
    <ClCompile Include="..\..\src\sql_PRIMARY.cpp">
      <Filter>src</Filter>
    </ClCompile>
    <ClCompile Include="..\..\src\sql_PRINT.cpp">
      <Filter>src</Filter>
    </ClCompile>
    <ClCompile Include="..\..\src\sql_PROC.cpp">
      <Filter>src</Filter>
    </ClCompile>
    <ClCompile Include="..\..\src\sql_PROCEDURE.cpp">
      <Filter>src</Filter>
    </ClCompile>
    <ClCompile Include="..\..\src\sql_PUBLIC.cpp">
      <Filter>src</Filter>
    </ClCompile>
    <ClCompile Include="..\..\src\sql_RAISERROR.cpp">
      <Filter>src</Filter>
    </ClCompile>
    <ClCompile Include="..\..\src\sql_READ.cpp">
      <Filter>src</Filter>
    </ClCompile>
    <ClCompile Include="..\..\src\sql_READTEXT.cpp">
      <Filter>src</Filter>
    </ClCompile>
    <ClCompile Include="..\..\src\sql_RECONFIGURE.cpp">
      <Filter>src</Filter>
    </ClCompile>
    <ClCompile Include="..\..\src\sql_REFERENCES.cpp">
      <Filter>src</Filter>
    </ClCompile>
    <ClCompile Include="..\..\src\sql_REPLICATION.cpp">
      <Filter>src</Filter>
    </ClCompile>
    <ClCompile Include="..\..\src\sql_RESTORE.cpp">
      <Filter>src</Filter>
    </ClCompile>
    <ClCompile Include="..\..\src\sql_RESTRICT.cpp">
      <Filter>src</Filter>
    </ClCompile>
    <ClCompile Include="..\..\src\sql_RETURN.cpp">
      <Filter>src</Filter>
    </ClCompile>
    <ClCompile Include="..\..\src\sql_REVERT.cpp">
      <Filter>src</Filter>
    </ClCompile>
    <ClCompile Include="..\..\src\sql_REVOKE.cpp">
      <Filter>src</Filter>
    </ClCompile>
    <ClCompile Include="..\..\src\sql_RIGHT.cpp">
      <Filter>src</Filter>
    </ClCompile>
    <ClCompile Include="..\..\src\sql_ROLLBACK.cpp">
      <Filter>src</Filter>
    </ClCompile>
    <ClCompile Include="..\..\src\sql_ROWCOUNT.cpp">
      <Filter>src</Filter>
    </ClCompile>
    <ClCompile Include="..\..\src\sql_ROWGUIDCOL.cpp">
      <Filter>src</Filter>
    </ClCompile>
    <ClCompile Include="..\..\src\sql_RULE.cpp">
      <Filter>src</Filter>
    </ClCompile>
    <ClCompile Include="..\..\src\sql_SAVE.cpp">
      <Filter>src</Filter>
    </ClCompile>
    <ClCompile Include="..\..\src\sql_SCHEMA.cpp">
      <Filter>src</Filter>
    </ClCompile>
    <ClCompile Include="..\..\src\sql_SECURITYAUDIT.cpp">
      <Filter>src</Filter>
    </ClCompile>
    <ClCompile Include="..\..\src\sql_SELECT.cpp">
      <Filter>src</Filter>
    </ClCompile>
    <ClCompile Include="..\..\src\sql_SEMANTICKEYPHRASETABLE.cpp">
      <Filter>src</Filter>
    </ClCompile>
    <ClCompile Include="..\..\src\sql_SEMANTICSIMILARITYDETAILSTABLE.cpp">
      <Filter>src</Filter>
    </ClCompile>
    <ClCompile Include="..\..\src\sql_SEMANTICSIMILARITYTABLE.cpp">
      <Filter>src</Filter>
    </ClCompile>
    <ClCompile Include="..\..\src\sql_SESSION_USER.cpp">
      <Filter>src</Filter>
    </ClCompile>
    <ClCompile Include="..\..\src\sql_SET.cpp">
      <Filter>src</Filter>
    </ClCompile>
    <ClCompile Include="..\..\src\sql_SETUSER.cpp">
      <Filter>src</Filter>
    </ClCompile>
    <ClCompile Include="..\..\src\sql_SHUTDOWN.cpp">
      <Filter>src</Filter>
    </ClCompile>
    <ClCompile Include="..\..\src\sql_SOME.cpp">
      <Filter>src</Filter>
    </ClCompile>
    <ClCompile Include="..\..\src\sql_STATISTICS.cpp">
      <Filter>src</Filter>
    </ClCompile>
    <ClCompile Include="..\..\src\sql_SYSTEM_USER.cpp">
      <Filter>src</Filter>
    </ClCompile>
    <ClCompile Include="..\..\src\sql_TABLE.cpp">
      <Filter>src</Filter>
    </ClCompile>
    <ClCompile Include="..\..\src\sql_TABLESAMPLE.cpp">
      <Filter>src</Filter>
    </ClCompile>
    <ClCompile Include="..\..\src\sql_TEXTSIZE.cpp">
      <Filter>src</Filter>
    </ClCompile>
    <ClCompile Include="..\..\src\sql_THEN.cpp">
      <Filter>src</Filter>
    </ClCompile>
    <ClCompile Include="..\..\src\sql_TO.cpp">
      <Filter>src</Filter>
    </ClCompile>
    <ClCompile Include="..\..\src\sql_TOP.cpp">
      <Filter>src</Filter>
    </ClCompile>
    <ClCompile Include="..\..\src\sql_TRAN.cpp">
      <Filter>src</Filter>
    </ClCompile>
    <ClCompile Include="..\..\src\sql_TRANSACTION.cpp">
      <Filter>src</Filter>
    </ClCompile>
    <ClCompile Include="..\..\src\sql_TRIGGER.cpp">
      <Filter>src</Filter>
    </ClCompile>
    <ClCompile Include="..\..\src\sql_TRUNCATE.cpp">
      <Filter>src</Filter>
    </ClCompile>
    <ClCompile Include="..\..\src\sql_TRY_CONVERT.cpp">
      <Filter>src</Filter>
    </ClCompile>
    <ClCompile Include="..\..\src\sql_TSEQUAL.cpp">
      <Filter>src</Filter>
    </ClCompile>
    <ClCompile Include="..\..\src\sql_UNION.cpp">
      <Filter>src</Filter>
    </ClCompile>
    <ClCompile Include="..\..\src\sql_UNIQUE.cpp">
      <Filter>src</Filter>
    </ClCompile>
    <ClCompile Include="..\..\src\sql_UNPIVOT.cpp">
      <Filter>src</Filter>
    </ClCompile>
    <ClCompile Include="..\..\src\sql_UPDATE.cpp">
      <Filter>src</Filter>
    </ClCompile>
    <ClCompile Include="..\..\src\sql_UPDATETEXT.cpp">
      <Filter>src</Filter>
    </ClCompile>
    <ClCompile Include="..\..\src\sql_USE.cpp">
      <Filter>src</Filter>
    </ClCompile>
    <ClCompile Include="..\..\src\sql_USER.cpp">
      <Filter>src</Filter>
    </ClCompile>
    <ClCompile Include="..\..\src\sql_VALUES.cpp">
      <Filter>src</Filter>
    </ClCompile>
    <ClCompile Include="..\..\src\sql_VARYING.cpp">
      <Filter>src</Filter>
    </ClCompile>
    <ClCompile Include="..\..\src\sql_VIEW.cpp">
      <Filter>src</Filter>
    </ClCompile>
    <ClCompile Include="..\..\src\sql_WAITFOR.cpp">
      <Filter>src</Filter>
    </ClCompile>
    <ClCompile Include="..\..\src\sql_WHEN.cpp">
      <Filter>src</Filter>
    </ClCompile>
    <ClCompile Include="..\..\src\sql_WHERE.cpp">
      <Filter>src</Filter>
    </ClCompile>
    <ClCompile Include="..\..\src\sql_WHILE.cpp">
      <Filter>src</Filter>
    </ClCompile>
    <ClCompile Include="..\..\src\sql_WITH.cpp">
      <Filter>src</Filter>
    </ClCompile>
    <ClCompile Include="..\..\src\sql_WITHIN_GROUP.cpp">
      <Filter>src</Filter>
    </ClCompile>
    <ClCompile Include="..\..\src\sql_WRITETEXT.cpp">
      <Filter>src</Filter>
    </ClCompile>
    <ClCompile Include="..\..\src\static.cpp">
      <Filter>src</Filter>
    </ClCompile>
    <ClCompile Include="..\..\src\static_assert.cpp">
      <Filter>src</Filter>
    </ClCompile>
    <ClCompile Include="..\..\src\static_cast.cpp">
      <Filter>src</Filter>
    </ClCompile>
    <ClCompile Include="..\..\src\strictfp.cpp">
      <Filter>src</Filter>
    </ClCompile>
    <ClCompile Include="..\..\src\struct.cpp">
      <Filter>src</Filter>
    </ClCompile>
    <ClCompile Include="..\..\src\super.cpp">
      <Filter>src</Filter>
    </ClCompile>
    <ClCompile Include="..\..\src\switch.cpp">
      <Filter>src</Filter>
    </ClCompile>
    <ClCompile Include="..\..\src\synchronized.cpp">
      <Filter>src</Filter>
    </ClCompile>
    <ClCompile Include="..\..\src\template.cpp">
      <Filter>src</Filter>
    </ClCompile>
    <ClCompile Include="..\..\src\this.cpp">
      <Filter>src</Filter>
    </ClCompile>
    <ClCompile Include="..\..\src\thread.cpp">
      <Filter>src</Filter>
    </ClCompile>
    <ClCompile Include="..\..\src\thread_local.cpp">
      <Filter>src</Filter>
    </ClCompile>
    <ClCompile Include="..\..\src\throw.cpp">
      <Filter>src</Filter>
    </ClCompile>
    <ClCompile Include="..\..\src\throws.cpp">
      <Filter>src</Filter>
    </ClCompile>
    <ClCompile Include="..\..\src\trait.cpp">
      <Filter>src</Filter>
    </ClCompile>
    <ClCompile Include="..\..\src\transient.cpp">
      <Filter>src</Filter>
    </ClCompile>
    <ClCompile Include="..\..\src\true.cpp">
      <Filter>src</Filter>
    </ClCompile>
    <ClCompile Include="..\..\src\true_.cpp">
      <Filter>src</Filter>
    </ClCompile>
    <ClCompile Include="..\..\src\try.cpp">
      <Filter>src</Filter>
    </ClCompile>
    <ClCompile Include="..\..\src\typedef.cpp">
      <Filter>src</Filter>
    </ClCompile>
    <ClCompile Include="..\..\src\typeid.cpp">
      <Filter>src</Filter>
    </ClCompile>
    <ClCompile Include="..\..\src\typename.cpp">
      <Filter>src</Filter>
    </ClCompile>
    <ClCompile Include="..\..\src\union.cpp">
      <Filter>src</Filter>
    </ClCompile>
    <ClCompile Include="..\..\src\unset.cpp">
      <Filter>src</Filter>
    </ClCompile>
    <ClCompile Include="..\..\src\unsigned.cpp">
      <Filter>src</Filter>
    </ClCompile>
    <ClCompile Include="..\..\src\use.cpp">
      <Filter>src</Filter>
    </ClCompile>
    <ClCompile Include="..\..\src\using.cpp">
      <Filter>src</Filter>
    </ClCompile>
    <ClCompile Include="..\..\src\using_declaration.cpp">
      <Filter>src</Filter>
    </ClCompile>
    <ClCompile Include="..\..\src\using_directive.cpp">
      <Filter>src</Filter>
    </ClCompile>
    <ClCompile Include="..\..\src\uuid.cpp">
      <Filter>src</Filter>
    </ClCompile>
    <ClCompile Include="..\..\src\value_class.cpp">
      <Filter>src</Filter>
    </ClCompile>
    <ClCompile Include="..\..\src\value_struct.cpp">
      <Filter>src</Filter>
    </ClCompile>
    <ClCompile Include="..\..\src\var.cpp">
      <Filter>src</Filter>
    </ClCompile>
    <ClCompile Include="..\..\src\virtual.cpp">
      <Filter>src</Filter>
    </ClCompile>
    <ClCompile Include="..\..\src\void.cpp">
      <Filter>src</Filter>
    </ClCompile>
    <ClCompile Include="..\..\src\volatile.cpp">
      <Filter>src</Filter>
    </ClCompile>
    <ClCompile Include="..\..\src\wchar_t.cpp">
      <Filter>src</Filter>
    </ClCompile>
    <ClCompile Include="..\..\src\while.cpp">
      <Filter>src</Filter>
    </ClCompile>
    <ClCompile Include="..\..\src\with.cpp">
      <Filter>src</Filter>
    </ClCompile>
    <ClCompile Include="..\..\src\xor.cpp">
      <Filter>src</Filter>
    </ClCompile>
    <ClCompile Include="..\..\src\xor_eq.cpp">
      <Filter>src</Filter>
    </ClCompile>
    <ClCompile Include="..\..\src\yield.cpp">
      <Filter>src</Filter>
    </ClCompile>
  </ItemGroup>
  <ItemGroup>
    <ClInclude Include="..\..\src\iwant.h">
      <Filter>header</Filter>
    </ClInclude>
    <ClInclude Include="..\..\src\object.h">
      <Filter>header</Filter>
    </ClInclude>
    <ClInclude Include="..\..\src\main.h">
      <Filter>header</Filter>
    </ClInclude>
    <ClInclude Include="..\..\src\net.h">
      <Filter>header</Filter>
    </ClInclude>
    <ClInclude Include="..\..\src\socket.h">
      <Filter>header</Filter>
    </ClInclude>
    <ClInclude Include="..\..\src\task.h">
      <Filter>header</Filter>
    </ClInclude>
    <ClInclude Include="..\..\src\url.h">
      <Filter>header</Filter>
    </ClInclude>
    <ClInclude Include="..\..\src\home.h">
      <Filter>header</Filter>
    </ClInclude>
    <ClInclude Include="..\..\src\new.h">
      <Filter>header</Filter>
    </ClInclude>
    <ClInclude Include="..\..\src\myMemory.h">
      <Filter>header</Filter>
    </ClInclude>
    <ClInclude Include="..\..\src\os.h">
      <Filter>header</Filter>
    </ClInclude>
    <ClInclude Include="..\..\src\exec.h">
      <Filter>header</Filter>
    </ClInclude>
    <ClInclude Include="..\..\src\run.h">
      <Filter>header</Filter>
    </ClInclude>
    <ClInclude Include="..\..\src\sys.h">
      <Filter>header</Filter>
    </ClInclude>
    <ClInclude Include="..\..\src\cout.h">
      <Filter>header</Filter>
    </ClInclude>
    <ClInclude Include="..\..\src\echo.h">
      <Filter>header</Filter>
    </ClInclude>
    <ClInclude Include="..\..\src\all_h_include.h">
      <Filter>header</Filter>
    </ClInclude>
    <ClInclude Include="..\..\src\esc.h">
      <Filter>header</Filter>
    </ClInclude>
    <ClInclude Include="..\..\src\exit.h">
      <Filter>header</Filter>
    </ClInclude>
    <ClInclude Include="..\..\src\class.h">
      <Filter>header</Filter>
    </ClInclude>
    <ClInclude Include="..\..\src\syntax.h">
      <Filter>header</Filter>
    </ClInclude>
    <ClInclude Include="..\..\src\temp.h">
      <Filter>header</Filter>
    </ClInclude>
    <ClInclude Include="..\..\src\syntax_def.h">
      <Filter>header</Filter>
    </ClInclude>
    <ClInclude Include="..\..\src\temp_def.h">
      <Filter>header</Filter>
    </ClInclude>
    <ClInclude Include="..\..\src\tag.h">
      <Filter>header</Filter>
    </ClInclude>
    <ClInclude Include="..\..\src\math.h">
      <Filter>header</Filter>
    </ClInclude>
    <ClInclude Include="..\..\src\make.h">
      <Filter>header</Filter>
    </ClInclude>
    <ClInclude Include="..\..\src\http.h">
      <Filter>header</Filter>
    </ClInclude>
    <ClInclude Include="..\..\src\sql.h">
      <Filter>header</Filter>
    </ClInclude>
    <ClInclude Include="..\..\src\uri.h">
      <Filter>header</Filter>
    </ClInclude>
    <ClInclude Include="..\..\src\xml.h">
      <Filter>header</Filter>
    </ClInclude>
    <ClInclude Include="..\..\src\brackets.h">
      <Filter>header</Filter>
    </ClInclude>
    <ClInclude Include="..\..\src\file.h">
      <Filter>header</Filter>
    </ClInclude>
    <ClInclude Include="..\..\src\path.h">
      <Filter>header</Filter>
    </ClInclude>
    <ClInclude Include="..\..\src\timer.h">
      <Filter>header</Filter>
    </ClInclude>
    <ClInclude Include="..\..\src\enum.h">
      <Filter>header</Filter>
    </ClInclude>
    <ClInclude Include="..\..\src\ex_func.h">
      <Filter>header</Filter>
    </ClInclude>
    <ClInclude Include="..\..\src\keyword.h">
      <Filter>header</Filter>
    </ClInclude>
    <ClInclude Include="..\..\src\symbol.h">
      <Filter>header</Filter>
    </ClInclude>
    <ClInclude Include="..\..\src\build.h">
      <Filter>header</Filter>
    </ClInclude>
    <ClInclude Include="..\..\src\comment.h">
      <Filter>header</Filter>
    </ClInclude>
    <ClInclude Include="..\..\src\__abstract.h">
      <Filter>header</Filter>
    </ClInclude>
    <ClInclude Include="..\..\src\__alignof.h">
      <Filter>header</Filter>
    </ClInclude>
    <ClInclude Include="..\..\src\__asm.h">
      <Filter>header</Filter>
    </ClInclude>
    <ClInclude Include="..\..\src\__assume.h">
      <Filter>header</Filter>
    </ClInclude>
    <ClInclude Include="..\..\src\__based.h">
      <Filter>header</Filter>
    </ClInclude>
    <ClInclude Include="..\..\src\__box.h">
      <Filter>header</Filter>
    </ClInclude>
    <ClInclude Include="..\..\src\__cdecl.h">
      <Filter>header</Filter>
    </ClInclude>
    <ClInclude Include="..\..\src\__CLASS__.h">
      <Filter>header</Filter>
    </ClInclude>
    <ClInclude Include="..\..\src\__declspec.h">
      <Filter>header</Filter>
    </ClInclude>
    <ClInclude Include="..\..\src\__delegate.h">
      <Filter>header</Filter>
    </ClInclude>
    <ClInclude Include="..\..\src\__DIR__.h">
      <Filter>header</Filter>
    </ClInclude>
    <ClInclude Include="..\..\src\__event.h">
      <Filter>header</Filter>
    </ClInclude>
    <ClInclude Include="..\..\src\__except.h">
      <Filter>header</Filter>
    </ClInclude>
    <ClInclude Include="..\..\src\__fastcall.h">
      <Filter>header</Filter>
    </ClInclude>
    <ClInclude Include="..\..\src\__FILE__.h">
      <Filter>header</Filter>
    </ClInclude>
    <ClInclude Include="..\..\src\__finally.h">
      <Filter>header</Filter>
    </ClInclude>
    <ClInclude Include="..\..\src\__forceinline.h">
      <Filter>header</Filter>
    </ClInclude>
    <ClInclude Include="..\..\src\__FUNCTION__.h">
      <Filter>header</Filter>
    </ClInclude>
    <ClInclude Include="..\..\src\__gc.h">
      <Filter>header</Filter>
    </ClInclude>
    <ClInclude Include="..\..\src\__halt_compiler.h">
      <Filter>header</Filter>
    </ClInclude>
    <ClInclude Include="..\..\src\__hook.h">
      <Filter>header</Filter>
    </ClInclude>
    <ClInclude Include="..\..\src\__identifier.h">
      <Filter>header</Filter>
    </ClInclude>
    <ClInclude Include="..\..\src\__if_exists.h">
      <Filter>header</Filter>
    </ClInclude>
    <ClInclude Include="..\..\src\__if_not_exists.h">
      <Filter>header</Filter>
    </ClInclude>
    <ClInclude Include="..\..\src\__inline.h">
      <Filter>header</Filter>
    </ClInclude>
    <ClInclude Include="..\..\src\__int8.h">
      <Filter>header</Filter>
    </ClInclude>
    <ClInclude Include="..\..\src\__int16.h">
      <Filter>header</Filter>
    </ClInclude>
    <ClInclude Include="..\..\src\__int32.h">
      <Filter>header</Filter>
    </ClInclude>
    <ClInclude Include="..\..\src\__int64.h">
      <Filter>header</Filter>
    </ClInclude>
    <ClInclude Include="..\..\src\__interface.h">
      <Filter>header</Filter>
    </ClInclude>
    <ClInclude Include="..\..\src\__leave.h">
      <Filter>header</Filter>
    </ClInclude>
    <ClInclude Include="..\..\src\__LINE__.h">
      <Filter>header</Filter>
    </ClInclude>
    <ClInclude Include="..\..\src\__m64.h">
      <Filter>header</Filter>
    </ClInclude>
    <ClInclude Include="..\..\src\__m128.h">
      <Filter>header</Filter>
    </ClInclude>
    <ClInclude Include="..\..\src\__m128d.h">
      <Filter>header</Filter>
    </ClInclude>
    <ClInclude Include="..\..\src\__m128i.h">
      <Filter>header</Filter>
    </ClInclude>
    <ClInclude Include="..\..\src\__METHOD__.h">
      <Filter>header</Filter>
    </ClInclude>
    <ClInclude Include="..\..\src\__multiple_inheritance.h">
      <Filter>header</Filter>
    </ClInclude>
    <ClInclude Include="..\..\src\__NAMESPACE__.h">
      <Filter>header</Filter>
    </ClInclude>
    <ClInclude Include="..\..\src\__nogc.h">
      <Filter>header</Filter>
    </ClInclude>
    <ClInclude Include="..\..\src\__noop.h">
      <Filter>header</Filter>
    </ClInclude>
    <ClInclude Include="..\..\src\__pin.h">
      <Filter>header</Filter>
    </ClInclude>
    <ClInclude Include="..\..\src\__property.h">
      <Filter>header</Filter>
    </ClInclude>
    <ClInclude Include="..\..\src\__raise.h">
      <Filter>header</Filter>
    </ClInclude>
    <ClInclude Include="..\..\src\__sealed.h">
      <Filter>header</Filter>
    </ClInclude>
    <ClInclude Include="..\..\src\__single_inheritance.h">
      <Filter>header</Filter>
    </ClInclude>
    <ClInclude Include="..\..\src\__stdcall.h">
      <Filter>header</Filter>
    </ClInclude>
    <ClInclude Include="..\..\src\__super.h">
      <Filter>header</Filter>
    </ClInclude>
    <ClInclude Include="..\..\src\__thiscall.h">
      <Filter>header</Filter>
    </ClInclude>
    <ClInclude Include="..\..\src\__TRAIT__.h">
      <Filter>header</Filter>
    </ClInclude>
    <ClInclude Include="..\..\src\__try__except.h">
      <Filter>header</Filter>
    </ClInclude>
    <ClInclude Include="..\..\src\__try__finally.h">
      <Filter>header</Filter>
    </ClInclude>
    <ClInclude Include="..\..\src\__try_cast.h">
      <Filter>header</Filter>
    </ClInclude>
    <ClInclude Include="..\..\src\__unaligned.h">
      <Filter>header</Filter>
    </ClInclude>
    <ClInclude Include="..\..\src\__unhook.h">
      <Filter>header</Filter>
    </ClInclude>
    <ClInclude Include="..\..\src\__uuidof.h">
      <Filter>header</Filter>
    </ClInclude>
    <ClInclude Include="..\..\src\__value.h">
      <Filter>header</Filter>
    </ClInclude>
    <ClInclude Include="..\..\src\__virtual_inheritance.h">
      <Filter>header</Filter>
    </ClInclude>
    <ClInclude Include="..\..\src\__w64.h">
      <Filter>header</Filter>
    </ClInclude>
    <ClInclude Include="..\..\src\__wchar_t.h">
      <Filter>header</Filter>
    </ClInclude>
    <ClInclude Include="..\..\src\_define.h">
      <Filter>header</Filter>
    </ClInclude>
    <ClInclude Include="..\..\src\_elif.h">
      <Filter>header</Filter>
    </ClInclude>
    <ClInclude Include="..\..\src\_else.h">
      <Filter>header</Filter>
    </ClInclude>
    <ClInclude Include="..\..\src\_endif.h">
      <Filter>header</Filter>
    </ClInclude>
    <ClInclude Include="..\..\src\_error.h">
      <Filter>header</Filter>
    </ClInclude>
    <ClInclude Include="..\..\src\_if.h">
      <Filter>header</Filter>
    </ClInclude>
    <ClInclude Include="..\..\src\_ifdef.h">
      <Filter>header</Filter>
    </ClInclude>
    <ClInclude Include="..\..\src\_ifndef.h">
      <Filter>header</Filter>
    </ClInclude>
    <ClInclude Include="..\..\src\_import.h">
      <Filter>header</Filter>
    </ClInclude>
    <ClInclude Include="..\..\src\_include.h">
      <Filter>header</Filter>
    </ClInclude>
    <ClInclude Include="..\..\src\_line.h">
      <Filter>header</Filter>
    </ClInclude>
    <ClInclude Include="..\..\src\_pragma.h">
      <Filter>header</Filter>
    </ClInclude>
    <ClInclude Include="..\..\src\_undef.h">
      <Filter>header</Filter>
    </ClInclude>
    <ClInclude Include="..\..\src\_using.h">
      <Filter>header</Filter>
    </ClInclude>
    <ClInclude Include="..\..\src\abstract.h">
      <Filter>header</Filter>
    </ClInclude>
    <ClInclude Include="..\..\src\alignas.h">
      <Filter>header</Filter>
    </ClInclude>
    <ClInclude Include="..\..\src\alignof.h">
      <Filter>header</Filter>
    </ClInclude>
    <ClInclude Include="..\..\src\and.h">
      <Filter>header</Filter>
    </ClInclude>
    <ClInclude Include="..\..\src\and_eq.h">
      <Filter>header</Filter>
    </ClInclude>
    <ClInclude Include="..\..\src\array.h">
      <Filter>header</Filter>
    </ClInclude>
    <ClInclude Include="..\..\src\as.h">
      <Filter>header</Filter>
    </ClInclude>
    <ClInclude Include="..\..\src\asm.h">
      <Filter>header</Filter>
    </ClInclude>
    <ClInclude Include="..\..\src\assert.h">
      <Filter>header</Filter>
    </ClInclude>
    <ClInclude Include="..\..\src\atomic_cancel.h">
      <Filter>header</Filter>
    </ClInclude>
    <ClInclude Include="..\..\src\atomic_commit.h">
      <Filter>header</Filter>
    </ClInclude>
    <ClInclude Include="..\..\src\atomic_noexcept.h">
      <Filter>header</Filter>
    </ClInclude>
    <ClInclude Include="..\..\src\auto.h">
      <Filter>header</Filter>
    </ClInclude>
    <ClInclude Include="..\..\src\bitand.h">
      <Filter>header</Filter>
    </ClInclude>
    <ClInclude Include="..\..\src\bitor.h">
      <Filter>header</Filter>
    </ClInclude>
    <ClInclude Include="..\..\src\bool.h">
      <Filter>header</Filter>
    </ClInclude>
    <ClInclude Include="..\..\src\boolean.h">
      <Filter>header</Filter>
    </ClInclude>
    <ClInclude Include="..\..\src\break.h">
      <Filter>header</Filter>
    </ClInclude>
    <ClInclude Include="..\..\src\byte.h">
      <Filter>header</Filter>
    </ClInclude>
    <ClInclude Include="..\..\src\callable.h">
      <Filter>header</Filter>
    </ClInclude>
    <ClInclude Include="..\..\src\case.h">
      <Filter>header</Filter>
    </ClInclude>
    <ClInclude Include="..\..\src\catch.h">
      <Filter>header</Filter>
    </ClInclude>
    <ClInclude Include="..\..\src\char.h">
      <Filter>header</Filter>
    </ClInclude>
    <ClInclude Include="..\..\src\char16_t.h">
      <Filter>header</Filter>
    </ClInclude>
    <ClInclude Include="..\..\src\char32_t.h">
      <Filter>header</Filter>
    </ClInclude>
    <ClInclude Include="..\..\src\clone.h">
      <Filter>header</Filter>
    </ClInclude>
    <ClInclude Include="..\..\src\compl.h">
      <Filter>header</Filter>
    </ClInclude>
    <ClInclude Include="..\..\src\concept.h">
      <Filter>header</Filter>
    </ClInclude>
    <ClInclude Include="..\..\src\const.h">
      <Filter>header</Filter>
    </ClInclude>
    <ClInclude Include="..\..\src\const_cast.h">
      <Filter>header</Filter>
    </ClInclude>
    <ClInclude Include="..\..\src\constexpr.h">
      <Filter>header</Filter>
    </ClInclude>
    <ClInclude Include="..\..\src\continue.h">
      <Filter>header</Filter>
    </ClInclude>
    <ClInclude Include="..\..\src\declare.h">
      <Filter>header</Filter>
    </ClInclude>
    <ClInclude Include="..\..\src\decltype.h">
      <Filter>header</Filter>
    </ClInclude>
    <ClInclude Include="..\..\src\def.h">
      <Filter>header</Filter>
    </ClInclude>
    <ClInclude Include="..\..\src\default.h">
      <Filter>header</Filter>
    </ClInclude>
    <ClInclude Include="..\..\src\del.h">
      <Filter>header</Filter>
    </ClInclude>
    <ClInclude Include="..\..\src\delegate.h">
      <Filter>header</Filter>
    </ClInclude>
    <ClInclude Include="..\..\src\delete.h">
      <Filter>header</Filter>
    </ClInclude>
    <ClInclude Include="..\..\src\deprecated.h">
      <Filter>header</Filter>
    </ClInclude>
    <ClInclude Include="..\..\src\die.h">
      <Filter>header</Filter>
    </ClInclude>
    <ClInclude Include="..\..\src\display.h">
      <Filter>header</Filter>
    </ClInclude>
    <ClInclude Include="..\..\src\dllexport.h">
      <Filter>header</Filter>
    </ClInclude>
    <ClInclude Include="..\..\src\dllimport.h">
      <Filter>header</Filter>
    </ClInclude>
    <ClInclude Include="..\..\src\do.h">
      <Filter>header</Filter>
    </ClInclude>
    <ClInclude Include="..\..\src\double.h">
      <Filter>header</Filter>
    </ClInclude>
    <ClInclude Include="..\..\src\dynamic_cast.h">
      <Filter>header</Filter>
    </ClInclude>
    <ClInclude Include="..\..\src\elif.h">
      <Filter>header</Filter>
    </ClInclude>
    <ClInclude Include="..\..\src\else.h">
      <Filter>header</Filter>
    </ClInclude>
    <ClInclude Include="..\..\src\elseif.h">
      <Filter>header</Filter>
    </ClInclude>
    <ClInclude Include="..\..\src\empty.h">
      <Filter>header</Filter>
    </ClInclude>
    <ClInclude Include="..\..\src\end.h">
      <Filter>header</Filter>
    </ClInclude>
    <ClInclude Include="..\..\src\enddeclare.h">
      <Filter>header</Filter>
    </ClInclude>
    <ClInclude Include="..\..\src\endfor.h">
      <Filter>header</Filter>
    </ClInclude>
    <ClInclude Include="..\..\src\endforeach.h">
      <Filter>header</Filter>
    </ClInclude>
    <ClInclude Include="..\..\src\endif.h">
      <Filter>header</Filter>
    </ClInclude>
    <ClInclude Include="..\..\src\endswitch.h">
      <Filter>header</Filter>
    </ClInclude>
    <ClInclude Include="..\..\src\endwhile.h">
      <Filter>header</Filter>
    </ClInclude>
    <ClInclude Include="..\..\src\enum_class.h">
      <Filter>header</Filter>
    </ClInclude>
    <ClInclude Include="..\..\src\enum_struct.h">
      <Filter>header</Filter>
    </ClInclude>
    <ClInclude Include="..\..\src\eval.h">
      <Filter>header</Filter>
    </ClInclude>
    <ClInclude Include="..\..\src\event.h">
      <Filter>header</Filter>
    </ClInclude>
    <ClInclude Include="..\..\src\except.h">
      <Filter>header</Filter>
    </ClInclude>
    <ClInclude Include="..\..\src\explicit.h">
      <Filter>header</Filter>
    </ClInclude>
    <ClInclude Include="..\..\src\export.h">
      <Filter>header</Filter>
    </ClInclude>
    <ClInclude Include="..\..\src\expressions.h">
      <Filter>header</Filter>
    </ClInclude>
    <ClInclude Include="..\..\src\extends.h">
      <Filter>header</Filter>
    </ClInclude>
    <ClInclude Include="..\..\src\extern.h">
      <Filter>header</Filter>
    </ClInclude>
    <ClInclude Include="..\..\src\false.h">
      <Filter>header</Filter>
    </ClInclude>
    <ClInclude Include="..\..\src\false_.h">
      <Filter>header</Filter>
    </ClInclude>
    <ClInclude Include="..\..\src\final.h">
      <Filter>header</Filter>
    </ClInclude>
    <ClInclude Include="..\..\src\finally.h">
      <Filter>header</Filter>
    </ClInclude>
    <ClInclude Include="..\..\src\float.h">
      <Filter>header</Filter>
    </ClInclude>
    <ClInclude Include="..\..\src\for.h">
      <Filter>header</Filter>
    </ClInclude>
    <ClInclude Include="..\..\src\for_each_in.h">
      <Filter>header</Filter>
    </ClInclude>
    <ClInclude Include="..\..\src\foreach.h">
      <Filter>header</Filter>
    </ClInclude>
    <ClInclude Include="..\..\src\friend.h">
      <Filter>header</Filter>
    </ClInclude>
    <ClInclude Include="..\..\src\friend_as.h">
      <Filter>header</Filter>
    </ClInclude>
    <ClInclude Include="..\..\src\from.h">
      <Filter>header</Filter>
    </ClInclude>
    <ClInclude Include="..\..\src\function.h">
      <Filter>header</Filter>
    </ClInclude>
    <ClInclude Include="..\..\src\gcnew.h">
      <Filter>header</Filter>
    </ClInclude>
    <ClInclude Include="..\..\src\generic.h">
      <Filter>header</Filter>
    </ClInclude>
    <ClInclude Include="..\..\src\global.h">
      <Filter>header</Filter>
    </ClInclude>
    <ClInclude Include="..\..\src\goto.h">
      <Filter>header</Filter>
    </ClInclude>
    <ClInclude Include="..\..\src\if.h">
      <Filter>header</Filter>
    </ClInclude>
    <ClInclude Include="..\..\src\implements.h">
      <Filter>header</Filter>
    </ClInclude>
    <ClInclude Include="..\..\src\import.h">
      <Filter>header</Filter>
    </ClInclude>
    <ClInclude Include="..\..\src\in.h">
      <Filter>header</Filter>
    </ClInclude>
    <ClInclude Include="..\..\src\include.h">
      <Filter>header</Filter>
    </ClInclude>
    <ClInclude Include="..\..\src\include_once.h">
      <Filter>header</Filter>
    </ClInclude>
    <ClInclude Include="..\..\src\initonly.h">
      <Filter>header</Filter>
    </ClInclude>
    <ClInclude Include="..\..\src\inline.h">
      <Filter>header</Filter>
    </ClInclude>
    <ClInclude Include="..\..\src\instanceof.h">
      <Filter>header</Filter>
    </ClInclude>
    <ClInclude Include="..\..\src\insteadof.h">
      <Filter>header</Filter>
    </ClInclude>
    <ClInclude Include="..\..\src\int.h">
      <Filter>header</Filter>
    </ClInclude>
    <ClInclude Include="..\..\src\interface.h">
      <Filter>header</Filter>
    </ClInclude>
    <ClInclude Include="..\..\src\interface_class.h">
      <Filter>header</Filter>
    </ClInclude>
    <ClInclude Include="..\..\src\interface_struct.h">
      <Filter>header</Filter>
    </ClInclude>
    <ClInclude Include="..\..\src\interior_ptr.h">
      <Filter>header</Filter>
    </ClInclude>
    <ClInclude Include="..\..\src\is.h">
      <Filter>header</Filter>
    </ClInclude>
    <ClInclude Include="..\..\src\isset.h">
      <Filter>header</Filter>
    </ClInclude>
    <ClInclude Include="..\..\src\lambda.h">
      <Filter>header</Filter>
    </ClInclude>
    <ClInclude Include="..\..\src\list.h">
      <Filter>header</Filter>
    </ClInclude>
    <ClInclude Include="..\..\src\literal.h">
      <Filter>header</Filter>
    </ClInclude>
    <ClInclude Include="..\..\src\long.h">
      <Filter>header</Filter>
    </ClInclude>
    <ClInclude Include="..\..\src\module.h">
      <Filter>header</Filter>
    </ClInclude>
    <ClInclude Include="..\..\src\mutable.h">
      <Filter>header</Filter>
    </ClInclude>
    <ClInclude Include="..\..\src\naked.h">
      <Filter>header</Filter>
    </ClInclude>
    <ClInclude Include="..\..\src\namespace.h">
      <Filter>header</Filter>
    </ClInclude>
    <ClInclude Include="..\..\src\native.h">
      <Filter>header</Filter>
    </ClInclude>
    <ClInclude Include="..\..\src\new_noinline.h">
      <Filter>header</Filter>
    </ClInclude>
    <ClInclude Include="..\..\src\noexcept.h">
      <Filter>header</Filter>
    </ClInclude>
    <ClInclude Include="..\..\src\None.h">
      <Filter>header</Filter>
    </ClInclude>
    <ClInclude Include="..\..\src\nonlocal.h">
      <Filter>header</Filter>
    </ClInclude>
    <ClInclude Include="..\..\src\noreturn.h">
      <Filter>header</Filter>
    </ClInclude>
    <ClInclude Include="..\..\src\not.h">
      <Filter>header</Filter>
    </ClInclude>
    <ClInclude Include="..\..\src\not_eq.h">
      <Filter>header</Filter>
    </ClInclude>
    <ClInclude Include="..\..\src\nothrow.h">
      <Filter>header</Filter>
    </ClInclude>
    <ClInclude Include="..\..\src\novtable.h">
      <Filter>header</Filter>
    </ClInclude>
    <ClInclude Include="..\..\src\nullptr.h">
      <Filter>header</Filter>
    </ClInclude>
    <ClInclude Include="..\..\src\operator.h">
      <Filter>header</Filter>
    </ClInclude>
    <ClInclude Include="..\..\src\operator_.h">
      <Filter>header</Filter>
    </ClInclude>
    <ClInclude Include="..\..\src\or.h">
      <Filter>header</Filter>
    </ClInclude>
    <ClInclude Include="..\..\src\or_eq.h">
      <Filter>header</Filter>
    </ClInclude>
    <ClInclude Include="..\..\src\package.h">
      <Filter>header</Filter>
    </ClInclude>
    <ClInclude Include="..\..\src\pass.h">
      <Filter>header</Filter>
    </ClInclude>
    <ClInclude Include="..\..\src\print.h">
      <Filter>header</Filter>
    </ClInclude>
    <ClInclude Include="..\..\src\private.h">
      <Filter>header</Filter>
    </ClInclude>
    <ClInclude Include="..\..\src\property.h">
      <Filter>header</Filter>
    </ClInclude>
    <ClInclude Include="..\..\src\protected.h">
      <Filter>header</Filter>
    </ClInclude>
    <ClInclude Include="..\..\src\public.h">
      <Filter>header</Filter>
    </ClInclude>
    <ClInclude Include="..\..\src\raise.h">
      <Filter>header</Filter>
    </ClInclude>
    <ClInclude Include="..\..\src\ref_class.h">
      <Filter>header</Filter>
    </ClInclude>
    <ClInclude Include="..\..\src\ref_struct.h">
      <Filter>header</Filter>
    </ClInclude>
    <ClInclude Include="..\..\src\register.h">
      <Filter>header</Filter>
    </ClInclude>
    <ClInclude Include="..\..\src\reinterpret_cast.h">
      <Filter>header</Filter>
    </ClInclude>
    <ClInclude Include="..\..\src\require.h">
      <Filter>header</Filter>
    </ClInclude>
    <ClInclude Include="..\..\src\require_once.h">
      <Filter>header</Filter>
    </ClInclude>
    <ClInclude Include="..\..\src\requires.h">
      <Filter>header</Filter>
    </ClInclude>
    <ClInclude Include="..\..\src\return.h">
      <Filter>header</Filter>
    </ClInclude>
    <ClInclude Include="..\..\src\safecast.h">
      <Filter>header</Filter>
    </ClInclude>
    <ClInclude Include="..\..\src\sealed.h">
      <Filter>header</Filter>
    </ClInclude>
    <ClInclude Include="..\..\src\selectany.h">
      <Filter>header</Filter>
    </ClInclude>
    <ClInclude Include="..\..\src\short.h">
      <Filter>header</Filter>
    </ClInclude>
    <ClInclude Include="..\..\src\signed.h">
      <Filter>header</Filter>
    </ClInclude>
    <ClInclude Include="..\..\src\sizeof.h">
      <Filter>header</Filter>
    </ClInclude>
    <ClInclude Include="..\..\src\sql_ADD.h">
      <Filter>header</Filter>
    </ClInclude>
    <ClInclude Include="..\..\src\sql_ALL.h">
      <Filter>header</Filter>
    </ClInclude>
    <ClInclude Include="..\..\src\sql_ALTER.h">
      <Filter>header</Filter>
    </ClInclude>
    <ClInclude Include="..\..\src\sql_AND.h">
      <Filter>header</Filter>
    </ClInclude>
    <ClInclude Include="..\..\src\sql_ANY.h">
      <Filter>header</Filter>
    </ClInclude>
    <ClInclude Include="..\..\src\sql_AS.h">
      <Filter>header</Filter>
    </ClInclude>
    <ClInclude Include="..\..\src\sql_ASC.h">
      <Filter>header</Filter>
    </ClInclude>
    <ClInclude Include="..\..\src\sql_AUTHORIZATION.h">
      <Filter>header</Filter>
    </ClInclude>
    <ClInclude Include="..\..\src\sql_BACKUP.h">
      <Filter>header</Filter>
    </ClInclude>
    <ClInclude Include="..\..\src\sql_BEGIN.h">
      <Filter>header</Filter>
    </ClInclude>
    <ClInclude Include="..\..\src\sql_BETWEEN.h">
      <Filter>header</Filter>
    </ClInclude>
    <ClInclude Include="..\..\src\sql_BREAK.h">
      <Filter>header</Filter>
    </ClInclude>
    <ClInclude Include="..\..\src\sql_BROWSE.h">
      <Filter>header</Filter>
    </ClInclude>
    <ClInclude Include="..\..\src\sql_BULK.h">
      <Filter>header</Filter>
    </ClInclude>
    <ClInclude Include="..\..\src\sql_BY.h">
      <Filter>header</Filter>
    </ClInclude>
    <ClInclude Include="..\..\src\sql_CASCADE.h">
      <Filter>header</Filter>
    </ClInclude>
    <ClInclude Include="..\..\src\sql_CASE.h">
      <Filter>header</Filter>
    </ClInclude>
    <ClInclude Include="..\..\src\sql_CHECK.h">
      <Filter>header</Filter>
    </ClInclude>
    <ClInclude Include="..\..\src\sql_CHECKPOINT.h">
      <Filter>header</Filter>
    </ClInclude>
    <ClInclude Include="..\..\src\sql_CLOSE.h">
      <Filter>header</Filter>
    </ClInclude>
    <ClInclude Include="..\..\src\sql_CLUSTERED.h">
      <Filter>header</Filter>
    </ClInclude>
    <ClInclude Include="..\..\src\sql_COALESCE.h">
      <Filter>header</Filter>
    </ClInclude>
    <ClInclude Include="..\..\src\sql_COLLATE.h">
      <Filter>header</Filter>
    </ClInclude>
    <ClInclude Include="..\..\src\sql_COLUMN.h">
      <Filter>header</Filter>
    </ClInclude>
    <ClInclude Include="..\..\src\sql_COMMIT.h">
      <Filter>header</Filter>
    </ClInclude>
    <ClInclude Include="..\..\src\sql_COMPUTE.h">
      <Filter>header</Filter>
    </ClInclude>
    <ClInclude Include="..\..\src\sql_CONSTRAINT.h">
      <Filter>header</Filter>
    </ClInclude>
    <ClInclude Include="..\..\src\sql_CONTAINS.h">
      <Filter>header</Filter>
    </ClInclude>
    <ClInclude Include="..\..\src\sql_CONTAINSTABLE.h">
      <Filter>header</Filter>
    </ClInclude>
    <ClInclude Include="..\..\src\sql_CONTINUE.h">
      <Filter>header</Filter>
    </ClInclude>
    <ClInclude Include="..\..\src\sql_CONVERT.h">
      <Filter>header</Filter>
    </ClInclude>
    <ClInclude Include="..\..\src\sql_CREATE.h">
      <Filter>header</Filter>
    </ClInclude>
    <ClInclude Include="..\..\src\sql_CROSS.h">
      <Filter>header</Filter>
    </ClInclude>
    <ClInclude Include="..\..\src\sql_CURRENT.h">
      <Filter>header</Filter>
    </ClInclude>
    <ClInclude Include="..\..\src\sql_CURRENT_DATE.h">
      <Filter>header</Filter>
    </ClInclude>
    <ClInclude Include="..\..\src\sql_CURRENT_TIME.h">
      <Filter>header</Filter>
    </ClInclude>
    <ClInclude Include="..\..\src\sql_CURRENT_TIMESTAMP.h">
      <Filter>header</Filter>
    </ClInclude>
    <ClInclude Include="..\..\src\sql_CURRENT_USER.h">
      <Filter>header</Filter>
    </ClInclude>
    <ClInclude Include="..\..\src\sql_CURSOR.h">
      <Filter>header</Filter>
    </ClInclude>
    <ClInclude Include="..\..\src\sql_DATABASE.h">
      <Filter>header</Filter>
    </ClInclude>
    <ClInclude Include="..\..\src\sql_DBCC.h">
      <Filter>header</Filter>
    </ClInclude>
    <ClInclude Include="..\..\src\sql_DEALLOCATE.h">
      <Filter>header</Filter>
    </ClInclude>
    <ClInclude Include="..\..\src\sql_DECLARE.h">
      <Filter>header</Filter>
    </ClInclude>
    <ClInclude Include="..\..\src\sql_DEFAULT.h">
      <Filter>header</Filter>
    </ClInclude>
    <ClInclude Include="..\..\src\sql_DELETE.h">
      <Filter>header</Filter>
    </ClInclude>
    <ClInclude Include="..\..\src\sql_DENY.h">
      <Filter>header</Filter>
    </ClInclude>
    <ClInclude Include="..\..\src\sql_DESC.h">
      <Filter>header</Filter>
    </ClInclude>
    <ClInclude Include="..\..\src\sql_DISK.h">
      <Filter>header</Filter>
    </ClInclude>
    <ClInclude Include="..\..\src\sql_DISTINCT.h">
      <Filter>header</Filter>
    </ClInclude>
    <ClInclude Include="..\..\src\sql_DISTRIBUTED.h">
      <Filter>header</Filter>
    </ClInclude>
    <ClInclude Include="..\..\src\sql_DOUBLE.h">
      <Filter>header</Filter>
    </ClInclude>
    <ClInclude Include="..\..\src\sql_DROP.h">
      <Filter>header</Filter>
    </ClInclude>
    <ClInclude Include="..\..\src\sql_DUMP.h">
      <Filter>header</Filter>
    </ClInclude>
    <ClInclude Include="..\..\src\sql_ELSE.h">
      <Filter>header</Filter>
    </ClInclude>
    <ClInclude Include="..\..\src\sql_END.h">
      <Filter>header</Filter>
    </ClInclude>
    <ClInclude Include="..\..\src\sql_ERRLVL.h">
      <Filter>header</Filter>
    </ClInclude>
    <ClInclude Include="..\..\src\sql_ESCAPE.h">
      <Filter>header</Filter>
    </ClInclude>
    <ClInclude Include="..\..\src\sql_EXCEPT.h">
      <Filter>header</Filter>
    </ClInclude>
    <ClInclude Include="..\..\src\sql_EXEC.h">
      <Filter>header</Filter>
    </ClInclude>
    <ClInclude Include="..\..\src\sql_EXECUTE.h">
      <Filter>header</Filter>
    </ClInclude>
    <ClInclude Include="..\..\src\sql_EXISTS.h">
      <Filter>header</Filter>
    </ClInclude>
    <ClInclude Include="..\..\src\sql_EXIT.h">
      <Filter>header</Filter>
    </ClInclude>
    <ClInclude Include="..\..\src\sql_EXTERNAL.h">
      <Filter>header</Filter>
    </ClInclude>
    <ClInclude Include="..\..\src\sql_FETCH.h">
      <Filter>header</Filter>
    </ClInclude>
    <ClInclude Include="..\..\src\sql_FILE.h">
      <Filter>header</Filter>
    </ClInclude>
    <ClInclude Include="..\..\src\sql_FILLFACTOR.h">
      <Filter>header</Filter>
    </ClInclude>
    <ClInclude Include="..\..\src\sql_FOR.h">
      <Filter>header</Filter>
    </ClInclude>
    <ClInclude Include="..\..\src\sql_FOREIGN.h">
      <Filter>header</Filter>
    </ClInclude>
    <ClInclude Include="..\..\src\sql_FREETEXT.h">
      <Filter>header</Filter>
    </ClInclude>
    <ClInclude Include="..\..\src\sql_FREETEXTTABLE.h">
      <Filter>header</Filter>
    </ClInclude>
    <ClInclude Include="..\..\src\sql_FROM.h">
      <Filter>header</Filter>
    </ClInclude>
    <ClInclude Include="..\..\src\sql_FULL.h">
      <Filter>header</Filter>
    </ClInclude>
    <ClInclude Include="..\..\src\sql_FUNCTION.h">
      <Filter>header</Filter>
    </ClInclude>
    <ClInclude Include="..\..\src\sql_GOTO.h">
      <Filter>header</Filter>
    </ClInclude>
    <ClInclude Include="..\..\src\sql_GRANT.h">
      <Filter>header</Filter>
    </ClInclude>
    <ClInclude Include="..\..\src\sql_GROUP.h">
      <Filter>header</Filter>
    </ClInclude>
    <ClInclude Include="..\..\src\sql_HAVING.h">
      <Filter>header</Filter>
    </ClInclude>
    <ClInclude Include="..\..\src\sql_HOLDLOCK.h">
      <Filter>header</Filter>
    </ClInclude>
    <ClInclude Include="..\..\src\sql_IDENTITY.h">
      <Filter>header</Filter>
    </ClInclude>
    <ClInclude Include="..\..\src\sql_IDENTITY_INSERT.h">
      <Filter>header</Filter>
    </ClInclude>
    <ClInclude Include="..\..\src\sql_IDENTITYCOL.h">
      <Filter>header</Filter>
    </ClInclude>
    <ClInclude Include="..\..\src\sql_IF.h">
      <Filter>header</Filter>
    </ClInclude>
    <ClInclude Include="..\..\src\sql_IN.h">
      <Filter>header</Filter>
    </ClInclude>
    <ClInclude Include="..\..\src\sql_INDEX.h">
      <Filter>header</Filter>
    </ClInclude>
    <ClInclude Include="..\..\src\sql_INNER.h">
      <Filter>header</Filter>
    </ClInclude>
    <ClInclude Include="..\..\src\sql_INSERT.h">
      <Filter>header</Filter>
    </ClInclude>
    <ClInclude Include="..\..\src\sql_INTERSECT.h">
      <Filter>header</Filter>
    </ClInclude>
    <ClInclude Include="..\..\src\sql_INTO.h">
      <Filter>header</Filter>
    </ClInclude>
    <ClInclude Include="..\..\src\sql_IS.h">
      <Filter>header</Filter>
    </ClInclude>
    <ClInclude Include="..\..\src\sql_JOIN.h">
      <Filter>header</Filter>
    </ClInclude>
    <ClInclude Include="..\..\src\sql_KEY.h">
      <Filter>header</Filter>
    </ClInclude>
    <ClInclude Include="..\..\src\sql_KILL.h">
      <Filter>header</Filter>
    </ClInclude>
    <ClInclude Include="..\..\src\sql_LEFT.h">
      <Filter>header</Filter>
    </ClInclude>
    <ClInclude Include="..\..\src\sql_LIKE.h">
      <Filter>header</Filter>
    </ClInclude>
    <ClInclude Include="..\..\src\sql_LINENO.h">
      <Filter>header</Filter>
    </ClInclude>
    <ClInclude Include="..\..\src\sql_LOAD.h">
      <Filter>header</Filter>
    </ClInclude>
    <ClInclude Include="..\..\src\sql_MERGE.h">
      <Filter>header</Filter>
    </ClInclude>
    <ClInclude Include="..\..\src\sql_NATIONAL.h">
      <Filter>header</Filter>
    </ClInclude>
    <ClInclude Include="..\..\src\sql_NOCHECK.h">
      <Filter>header</Filter>
    </ClInclude>
    <ClInclude Include="..\..\src\sql_NONCLUSTERED.h">
      <Filter>header</Filter>
    </ClInclude>
    <ClInclude Include="..\..\src\sql_NOT.h">
      <Filter>header</Filter>
    </ClInclude>
    <ClInclude Include="..\..\src\sql_NULL.h">
      <Filter>header</Filter>
    </ClInclude>
    <ClInclude Include="..\..\src\sql_NULLIF.h">
      <Filter>header</Filter>
    </ClInclude>
    <ClInclude Include="..\..\src\sql_OF.h">
      <Filter>header</Filter>
    </ClInclude>
    <ClInclude Include="..\..\src\sql_OFF.h">
      <Filter>header</Filter>
    </ClInclude>
    <ClInclude Include="..\..\src\sql_OFFSETS.h">
      <Filter>header</Filter>
    </ClInclude>
    <ClInclude Include="..\..\src\sql_ON.h">
      <Filter>header</Filter>
    </ClInclude>
    <ClInclude Include="..\..\src\sql_OPEN.h">
      <Filter>header</Filter>
    </ClInclude>
    <ClInclude Include="..\..\src\sql_OPENDATASOURCE.h">
      <Filter>header</Filter>
    </ClInclude>
    <ClInclude Include="..\..\src\sql_OPENQUERY.h">
      <Filter>header</Filter>
    </ClInclude>
    <ClInclude Include="..\..\src\sql_OPENROWSET.h">
      <Filter>header</Filter>
    </ClInclude>
    <ClInclude Include="..\..\src\sql_OPENXML.h">
      <Filter>header</Filter>
    </ClInclude>
    <ClInclude Include="..\..\src\sql_OPTION.h">
      <Filter>header</Filter>
    </ClInclude>
    <ClInclude Include="..\..\src\sql_OR.h">
      <Filter>header</Filter>
    </ClInclude>
    <ClInclude Include="..\..\src\sql_ORDER.h">
      <Filter>header</Filter>
    </ClInclude>
    <ClInclude Include="..\..\src\sql_OUTER.h">
      <Filter>header</Filter>
    </ClInclude>
    <ClInclude Include="..\..\src\sql_OVER.h">
      <Filter>header</Filter>
    </ClInclude>
    <ClInclude Include="..\..\src\sql_PERCENT.h">
      <Filter>header</Filter>
    </ClInclude>
    <ClInclude Include="..\..\src\sql_PIVOT.h">
      <Filter>header</Filter>
    </ClInclude>
    <ClInclude Include="..\..\src\sql_PLAN.h">
      <Filter>header</Filter>
    </ClInclude>
    <ClInclude Include="..\..\src\sql_PRECISION.h">
      <Filter>header</Filter>
    </ClInclude>
    <ClInclude Include="..\..\src\sql_PRIMARY.h">
      <Filter>header</Filter>
    </ClInclude>
    <ClInclude Include="..\..\src\sql_PRINT.h">
      <Filter>header</Filter>
    </ClInclude>
    <ClInclude Include="..\..\src\sql_PROC.h">
      <Filter>header</Filter>
    </ClInclude>
    <ClInclude Include="..\..\src\sql_PROCEDURE.h">
      <Filter>header</Filter>
    </ClInclude>
    <ClInclude Include="..\..\src\sql_PUBLIC.h">
      <Filter>header</Filter>
    </ClInclude>
    <ClInclude Include="..\..\src\sql_RAISERROR.h">
      <Filter>header</Filter>
    </ClInclude>
    <ClInclude Include="..\..\src\sql_READ.h">
      <Filter>header</Filter>
    </ClInclude>
    <ClInclude Include="..\..\src\sql_READTEXT.h">
      <Filter>header</Filter>
    </ClInclude>
    <ClInclude Include="..\..\src\sql_RECONFIGURE.h">
      <Filter>header</Filter>
    </ClInclude>
    <ClInclude Include="..\..\src\sql_REFERENCES.h">
      <Filter>header</Filter>
    </ClInclude>
    <ClInclude Include="..\..\src\sql_REPLICATION.h">
      <Filter>header</Filter>
    </ClInclude>
    <ClInclude Include="..\..\src\sql_RESTORE.h">
      <Filter>header</Filter>
    </ClInclude>
    <ClInclude Include="..\..\src\sql_RESTRICT.h">
      <Filter>header</Filter>
    </ClInclude>
    <ClInclude Include="..\..\src\sql_RETURN.h">
      <Filter>header</Filter>
    </ClInclude>
    <ClInclude Include="..\..\src\sql_REVERT.h">
      <Filter>header</Filter>
    </ClInclude>
    <ClInclude Include="..\..\src\sql_REVOKE.h">
      <Filter>header</Filter>
    </ClInclude>
    <ClInclude Include="..\..\src\sql_RIGHT.h">
      <Filter>header</Filter>
    </ClInclude>
    <ClInclude Include="..\..\src\sql_ROLLBACK.h">
      <Filter>header</Filter>
    </ClInclude>
    <ClInclude Include="..\..\src\sql_ROWCOUNT.h">
      <Filter>header</Filter>
    </ClInclude>
    <ClInclude Include="..\..\src\sql_ROWGUIDCOL.h">
      <Filter>header</Filter>
    </ClInclude>
    <ClInclude Include="..\..\src\sql_RULE.h">
      <Filter>header</Filter>
    </ClInclude>
    <ClInclude Include="..\..\src\sql_SAVE.h">
      <Filter>header</Filter>
    </ClInclude>
    <ClInclude Include="..\..\src\sql_SCHEMA.h">
      <Filter>header</Filter>
    </ClInclude>
    <ClInclude Include="..\..\src\sql_SECURITYAUDIT.h">
      <Filter>header</Filter>
    </ClInclude>
    <ClInclude Include="..\..\src\sql_SELECT.h">
      <Filter>header</Filter>
    </ClInclude>
    <ClInclude Include="..\..\src\sql_SEMANTICKEYPHRASETABLE.h">
      <Filter>header</Filter>
    </ClInclude>
    <ClInclude Include="..\..\src\sql_SEMANTICSIMILARITYDETAILSTABLE.h">
      <Filter>header</Filter>
    </ClInclude>
    <ClInclude Include="..\..\src\sql_SEMANTICSIMILARITYTABLE.h">
      <Filter>header</Filter>
    </ClInclude>
    <ClInclude Include="..\..\src\sql_SESSION_USER.h">
      <Filter>header</Filter>
    </ClInclude>
    <ClInclude Include="..\..\src\sql_SET.h">
      <Filter>header</Filter>
    </ClInclude>
    <ClInclude Include="..\..\src\sql_SETUSER.h">
      <Filter>header</Filter>
    </ClInclude>
    <ClInclude Include="..\..\src\sql_SHUTDOWN.h">
      <Filter>header</Filter>
    </ClInclude>
    <ClInclude Include="..\..\src\sql_SOME.h">
      <Filter>header</Filter>
    </ClInclude>
    <ClInclude Include="..\..\src\sql_STATISTICS.h">
      <Filter>header</Filter>
    </ClInclude>
    <ClInclude Include="..\..\src\sql_SYSTEM_USER.h">
      <Filter>header</Filter>
    </ClInclude>
    <ClInclude Include="..\..\src\sql_TABLE.h">
      <Filter>header</Filter>
    </ClInclude>
    <ClInclude Include="..\..\src\sql_TABLESAMPLE.h">
      <Filter>header</Filter>
    </ClInclude>
    <ClInclude Include="..\..\src\sql_TEXTSIZE.h">
      <Filter>header</Filter>
    </ClInclude>
    <ClInclude Include="..\..\src\sql_THEN.h">
      <Filter>header</Filter>
    </ClInclude>
    <ClInclude Include="..\..\src\sql_TO.h">
      <Filter>header</Filter>
    </ClInclude>
    <ClInclude Include="..\..\src\sql_TOP.h">
      <Filter>header</Filter>
    </ClInclude>
    <ClInclude Include="..\..\src\sql_TRAN.h">
      <Filter>header</Filter>
    </ClInclude>
    <ClInclude Include="..\..\src\sql_TRANSACTION.h">
      <Filter>header</Filter>
    </ClInclude>
    <ClInclude Include="..\..\src\sql_TRIGGER.h">
      <Filter>header</Filter>
    </ClInclude>
    <ClInclude Include="..\..\src\sql_TRUNCATE.h">
      <Filter>header</Filter>
    </ClInclude>
    <ClInclude Include="..\..\src\sql_TRY_CONVERT.h">
      <Filter>header</Filter>
    </ClInclude>
    <ClInclude Include="..\..\src\sql_TSEQUAL.h">
      <Filter>header</Filter>
    </ClInclude>
    <ClInclude Include="..\..\src\sql_UNION.h">
      <Filter>header</Filter>
    </ClInclude>
    <ClInclude Include="..\..\src\sql_UNIQUE.h">
      <Filter>header</Filter>
    </ClInclude>
    <ClInclude Include="..\..\src\sql_UNPIVOT.h">
      <Filter>header</Filter>
    </ClInclude>
    <ClInclude Include="..\..\src\sql_UPDATE.h">
      <Filter>header</Filter>
    </ClInclude>
    <ClInclude Include="..\..\src\sql_UPDATETEXT.h">
      <Filter>header</Filter>
    </ClInclude>
    <ClInclude Include="..\..\src\sql_USE.h">
      <Filter>header</Filter>
    </ClInclude>
    <ClInclude Include="..\..\src\sql_USER.h">
      <Filter>header</Filter>
    </ClInclude>
    <ClInclude Include="..\..\src\sql_VALUES.h">
      <Filter>header</Filter>
    </ClInclude>
    <ClInclude Include="..\..\src\sql_VARYING.h">
      <Filter>header</Filter>
    </ClInclude>
    <ClInclude Include="..\..\src\sql_VIEW.h">
      <Filter>header</Filter>
    </ClInclude>
    <ClInclude Include="..\..\src\sql_WAITFOR.h">
      <Filter>header</Filter>
    </ClInclude>
    <ClInclude Include="..\..\src\sql_WHEN.h">
      <Filter>header</Filter>
    </ClInclude>
    <ClInclude Include="..\..\src\sql_WHERE.h">
      <Filter>header</Filter>
    </ClInclude>
    <ClInclude Include="..\..\src\sql_WHILE.h">
      <Filter>header</Filter>
    </ClInclude>
    <ClInclude Include="..\..\src\sql_WITH.h">
      <Filter>header</Filter>
    </ClInclude>
    <ClInclude Include="..\..\src\sql_WITHIN_GROUP.h">
      <Filter>header</Filter>
    </ClInclude>
    <ClInclude Include="..\..\src\sql_WRITETEXT.h">
      <Filter>header</Filter>
    </ClInclude>
    <ClInclude Include="..\..\src\static.h">
      <Filter>header</Filter>
    </ClInclude>
    <ClInclude Include="..\..\src\static_assert.h">
      <Filter>header</Filter>
    </ClInclude>
    <ClInclude Include="..\..\src\static_cast.h">
      <Filter>header</Filter>
    </ClInclude>
    <ClInclude Include="..\..\src\strictfp.h">
      <Filter>header</Filter>
    </ClInclude>
    <ClInclude Include="..\..\src\struct.h">
      <Filter>header</Filter>
    </ClInclude>
    <ClInclude Include="..\..\src\super.h">
      <Filter>header</Filter>
    </ClInclude>
    <ClInclude Include="..\..\src\switch.h">
      <Filter>header</Filter>
    </ClInclude>
    <ClInclude Include="..\..\src\synchronized.h">
      <Filter>header</Filter>
    </ClInclude>
    <ClInclude Include="..\..\src\template.h">
      <Filter>header</Filter>
    </ClInclude>
    <ClInclude Include="..\..\src\this.h">
      <Filter>header</Filter>
    </ClInclude>
    <ClInclude Include="..\..\src\thread.h">
      <Filter>header</Filter>
    </ClInclude>
    <ClInclude Include="..\..\src\thread_local.h">
      <Filter>header</Filter>
    </ClInclude>
    <ClInclude Include="..\..\src\throw.h">
      <Filter>header</Filter>
    </ClInclude>
    <ClInclude Include="..\..\src\throws.h">
      <Filter>header</Filter>
    </ClInclude>
    <ClInclude Include="..\..\src\trait.h">
      <Filter>header</Filter>
    </ClInclude>
    <ClInclude Include="..\..\src\transient.h">
      <Filter>header</Filter>
    </ClInclude>
    <ClInclude Include="..\..\src\true.h">
      <Filter>header</Filter>
    </ClInclude>
    <ClInclude Include="..\..\src\true_.h">
      <Filter>header</Filter>
    </ClInclude>
    <ClInclude Include="..\..\src\try.h">
      <Filter>header</Filter>
    </ClInclude>
    <ClInclude Include="..\..\src\typedef.h">
      <Filter>header</Filter>
    </ClInclude>
    <ClInclude Include="..\..\src\typeid.h">
      <Filter>header</Filter>
    </ClInclude>
    <ClInclude Include="..\..\src\typename.h">
      <Filter>header</Filter>
    </ClInclude>
    <ClInclude Include="..\..\src\union.h">
      <Filter>header</Filter>
    </ClInclude>
    <ClInclude Include="..\..\src\unset.h">
      <Filter>header</Filter>
    </ClInclude>
    <ClInclude Include="..\..\src\unsigned.h">
      <Filter>header</Filter>
    </ClInclude>
    <ClInclude Include="..\..\src\use.h">
      <Filter>header</Filter>
    </ClInclude>
    <ClInclude Include="..\..\src\using.h">
      <Filter>header</Filter>
    </ClInclude>
    <ClInclude Include="..\..\src\using_declaration.h">
      <Filter>header</Filter>
    </ClInclude>
    <ClInclude Include="..\..\src\using_directive.h">
      <Filter>header</Filter>
    </ClInclude>
    <ClInclude Include="..\..\src\uuid.h">
      <Filter>header</Filter>
    </ClInclude>
    <ClInclude Include="..\..\src\value_class.h">
      <Filter>header</Filter>
    </ClInclude>
    <ClInclude Include="..\..\src\value_struct.h">
      <Filter>header</Filter>
    </ClInclude>
    <ClInclude Include="..\..\src\var.h">
      <Filter>header</Filter>
    </ClInclude>
    <ClInclude Include="..\..\src\virtual.h">
      <Filter>header</Filter>
    </ClInclude>
    <ClInclude Include="..\..\src\void.h">
      <Filter>header</Filter>
    </ClInclude>
    <ClInclude Include="..\..\src\volatile.h">
      <Filter>header</Filter>
    </ClInclude>
    <ClInclude Include="..\..\src\wchar_t.h">
      <Filter>header</Filter>
    </ClInclude>
    <ClInclude Include="..\..\src\while.h">
      <Filter>header</Filter>
    </ClInclude>
    <ClInclude Include="..\..\src\with.h">
      <Filter>header</Filter>
    </ClInclude>
    <ClInclude Include="..\..\src\xor.h">
      <Filter>header</Filter>
    </ClInclude>
    <ClInclude Include="..\..\src\xor_eq.h">
      <Filter>header</Filter>
    </ClInclude>
    <ClInclude Include="..\..\src\yield.h">
      <Filter>header</Filter>
    </ClInclude>
  </ItemGroup>
  <ItemGroup>
    <None Include="..\..\src\Makefile" />
    <None Include="..\..\README.md" />
  </ItemGroup>
  <ItemGroup>
    <Text Include="..\..\doc\think.txt" />
  </ItemGroup>
</Project>