<?xml version="1.0" encoding="utf-8"?>
<Project ToolsVersion="4.0" xmlns="http://schemas.microsoft.com/developer/msbuild/2003">
  <ItemGroup>
    <Filter Include="header">
      <UniqueIdentifier>{93995380-89BD-4b04-88EB-625FBE52EBFB}</UniqueIdentifier>
      <Extensions>h;hh;hpp;hxx;hm;inl;inc;xsd</Extensions>
    </Filter>
    <Filter Include="src">
      <UniqueIdentifier>{4FC737F1-C7A5-4376-A066-2A32D752A2FF}</UniqueIdentifier>
      <Extensions>cpp;c;cc;cxx;def;odl;idl;hpj;bat;asm;asmx</Extensions>
    </Filter>
    <Filter Include="source">
      <UniqueIdentifier>{67DA6AB6-F800-4c08-8B7A-83BB121AAD01}</UniqueIdentifier>
      <Extensions>rc;ico;cur;bmp;dlg;rc2;rct;bin;rgs;gif;jpg;jpeg;jpe;resx;tiff;tif;png;wav;mfcribbon-ms</Extensions>
    </Filter>
  </ItemGroup>
  <ItemGroup>
    <ClCompile Include="..\..\src\iwant.cpp">
      <Filter>src</Filter>
    </ClCompile>
    <ClCompile Include="..\..\src\object.cpp">
      <Filter>src</Filter>
    </ClCompile>
    <ClCompile Include="..\..\src\main.cpp">
      <Filter>src</Filter>
    </ClCompile>
    <ClCompile Include="..\..\src\net.cpp">
      <Filter>src</Filter>
    </ClCompile>
    <ClCompile Include="..\..\src\socket.cpp">
      <Filter>src</Filter>
    </ClCompile>
    <ClCompile Include="..\..\src\task.cpp">
      <Filter>src</Filter>
    </ClCompile>
    <ClCompile Include="..\..\src\url.cpp">
      <Filter>src</Filter>
    </ClCompile>
    <ClCompile Include="..\..\src\home.cpp">
      <Filter>src</Filter>
    </ClCompile>
    <ClCompile Include="..\..\src\new.cpp">
      <Filter>src</Filter>
    </ClCompile>
    <ClCompile Include="..\..\src\myMemory.cpp">
      <Filter>src</Filter>
    </ClCompile>
    <ClCompile Include="..\..\src\os.cpp">
      <Filter>src</Filter>
    </ClCompile>
    <ClCompile Include="..\..\src\exec.cpp">
      <Filter>src</Filter>
    </ClCompile>
    <ClCompile Include="..\..\src\run.cpp">
      <Filter>src</Filter>
    </ClCompile>
    <ClCompile Include="..\..\src\sys.cpp">
      <Filter>src</Filter>
    </ClCompile>
    <ClCompile Include="..\..\src\cout.cpp">
      <Filter>src</Filter>
    </ClCompile>
    <ClCompile Include="..\..\src\echo.cpp">
      <Filter>src</Filter>
    </ClCompile>
    <ClCompile Include="..\..\src\esc.cpp">
      <Filter>src</Filter>
    </ClCompile>
    <ClCompile Include="..\..\src\exit.cpp">
      <Filter>src</Filter>
    </ClCompile>
    <ClCompile Include="..\..\src\class.cpp">
      <Filter>src</Filter>
    </ClCompile>
    <ClCompile Include="..\..\src\syntax.cpp">
      <Filter>src</Filter>
    </ClCompile>
    <ClCompile Include="..\..\src\temp.cpp">
      <Filter>src</Filter>
    </ClCompile>
    <ClCompile Include="..\..\src\tag.cpp">
      <Filter>src</Filter>
    </ClCompile>
    <ClCompile Include="..\..\src\math.cpp">
      <Filter>src</Filter>
    </ClCompile>
    <ClCompile Include="..\..\src\make.cpp">
      <Filter>src</Filter>
    </ClCompile>
    <ClCompile Include="..\..\src\http.cpp">
      <Filter>src</Filter>
    </ClCompile>
    <ClCompile Include="..\..\src\sql.cpp">
      <Filter>src</Filter>
    </ClCompile>
    <ClCompile Include="..\..\src\uri.cpp">
      <Filter>src</Filter>
    </ClCompile>
    <ClCompile Include="..\..\src\xml.cpp">
      <Filter>src</Filter>
    </ClCompile>
    <ClCompile Include="..\..\src\brackets.cpp">
      <Filter>src</Filter>
    </ClCompile>
    <ClCompile Include="..\..\src\file.cpp">
      <Filter>src</Filter>
    </ClCompile>
    <ClCompile Include="..\..\src\path.cpp">
      <Filter>src</Filter>
    </ClCompile>
    <ClCompile Include="..\..\src\timer.cpp">
      <Filter>src</Filter>
    </ClCompile>
  </ItemGroup>
  <ItemGroup>
    <ClInclude Include="..\..\src\iwant.h">
      <Filter>header</Filter>
    </ClInclude>
    <ClInclude Include="..\..\src\object.h">
      <Filter>header</Filter>
    </ClInclude>
    <ClInclude Include="..\..\src\main.h">
      <Filter>header</Filter>
    </ClInclude>
    <ClInclude Include="..\..\src\net.h">
      <Filter>header</Filter>
    </ClInclude>
    <ClInclude Include="..\..\src\socket.h">
      <Filter>header</Filter>
    </ClInclude>
    <ClInclude Include="..\..\src\task.h">
      <Filter>header</Filter>
    </ClInclude>
    <ClInclude Include="..\..\src\url.h">
      <Filter>header</Filter>
    </ClInclude>
    <ClInclude Include="..\..\src\home.h">
      <Filter>header</Filter>
    </ClInclude>
    <ClInclude Include="..\..\src\new.h">
      <Filter>header</Filter>
    </ClInclude>
    <ClInclude Include="..\..\src\myMemory.h">
      <Filter>header</Filter>
    </ClInclude>
    <ClInclude Include="..\..\src\os.h">
      <Filter>header</Filter>
    </ClInclude>
    <ClInclude Include="..\..\src\exec.h">
      <Filter>header</Filter>
    </ClInclude>
    <ClInclude Include="..\..\src\run.h">
      <Filter>header</Filter>
    </ClInclude>
    <ClInclude Include="..\..\src\sys.h">
      <Filter>header</Filter>
    </ClInclude>
    <ClInclude Include="..\..\src\cout.h">
      <Filter>header</Filter>
    </ClInclude>
    <ClInclude Include="..\..\src\echo.h">
      <Filter>header</Filter>
    </ClInclude>
    <ClInclude Include="..\..\src\all_h_include.h">
      <Filter>header</Filter>
    </ClInclude>
    <ClInclude Include="..\..\src\esc.h">
      <Filter>header</Filter>
    </ClInclude>
    <ClInclude Include="..\..\src\exit.h">
      <Filter>header</Filter>
    </ClInclude>
    <ClInclude Include="..\..\src\class.h">
      <Filter>header</Filter>
    </ClInclude>
    <ClInclude Include="..\..\src\syntax.h">
      <Filter>header</Filter>
    </ClInclude>
    <ClInclude Include="..\..\src\temp.h">
      <Filter>header</Filter>
    </ClInclude>
    <ClInclude Include="..\..\src\syntax_def.h">
      <Filter>header</Filter>
    </ClInclude>
    <ClInclude Include="..\..\src\temp_def.h">
      <Filter>header</Filter>
    </ClInclude>
    <ClInclude Include="..\..\src\tag.h">
      <Filter>header</Filter>
    </ClInclude>
    <ClInclude Include="..\..\src\math.h">
      <Filter>header</Filter>
    </ClInclude>
    <ClInclude Include="..\..\src\make.h">
      <Filter>header</Filter>
    </ClInclude>
    <ClInclude Include="..\..\src\http.h">
      <Filter>header</Filter>
    </ClInclude>
    <ClInclude Include="..\..\src\sql.h">
      <Filter>header</Filter>
    </ClInclude>
    <ClInclude Include="..\..\src\uri.h">
      <Filter>header</Filter>
    </ClInclude>
    <ClInclude Include="..\..\src\xml.h">
      <Filter>header</Filter>
    </ClInclude>
    <ClInclude Include="..\..\src\brackets.h">
      <Filter>header</Filter>
    </ClInclude>
    <ClInclude Include="..\..\src\file.h">
      <Filter>header</Filter>
    </ClInclude>
    <ClInclude Include="..\..\src\path.h">
      <Filter>header</Filter>
    </ClInclude>
    <ClInclude Include="..\..\src\timer.h">
      <Filter>header</Filter>
    </ClInclude>
  </ItemGroup>
  <ItemGroup>
    <None Include="..\..\src\Makefile" />
    <None Include="..\..\README.md" />
  </ItemGroup>
  <ItemGroup>
    <Text Include="..\..\doc\think.txt" />
  </ItemGroup>
</Project>